{
  "version": 4,
  "terraform_version": "1.5.7",
  "serial": 36,
  "lineage": "5d181fbd-a90c-c8f9-f868-d3ff42d8ec7f",
  "outputs": {
    "app_service_account": {
      "value": "looper-dev-app-sa@primeval-rain-460507-n3.iam.gserviceaccount.com",
      "type": "string"
    },
    "application_instance_names": {
      "value": "looper-dev-app",
      "type": "string"
    },
    "backup_bucket": {
      "value": "looper-dev-db-backups-rina",
      "type": "string"
    },
    "backup_schedule": {
      "value": "0 0 * * *",
      "type": "string"
    },
    "database_instance_name": {
      "value": "looper-dev-db-server",
      "type": "string"
    },
    "database_private_ip": {
      "value": "10.0.0.2",
      "type": "string"
    },
    "db_service_account": {
      "value": "looper-dev-db-sa@primeval-rain-460507-n3.iam.gserviceaccount.com",
      "type": "string"
    },
    "gpu_driver_status": {
      "value": "SSH into an app instance and run: 'nvidia-smi' to verify GPU is working properly",
      "type": "string"
    },
    "gpu_type": {
      "value": "nvidia-l4",
      "type": "string"
    },
    "load_balancer_ip": {
      "value": "34.111.77.146",
      "type": "string"
    }
  },
  "resources": [
    {
      "module": "module.application",
      "mode": "managed",
      "type": "google_compute_instance_template",
      "name": "app_template",
      "provider": "provider[\"registry.terraform.io/hashicorp/google\"]",
      "instances": [
        {
          "schema_version": 1,
          "attributes": {
            "advanced_machine_features": [],
            "can_ip_forward": false,
            "confidential_instance_config": null,
            "creation_timestamp": "2025-06-08T23:43:36.718-07:00",
            "description": "",
            "disk": [
              {
                "architecture": "",
                "auto_delete": true,
                "boot": true,
                "device_name": "persistent-disk-0",
                "disk_encryption_key": [],
                "disk_name": "",
                "disk_size_gb": 50,
                "disk_type": "pd-ssd",
                "guest_os_features": null,
                "interface": "SCSI",
                "labels": null,
                "mode": "READ_WRITE",
                "provisioned_iops": 0,
                "provisioned_throughput": 0,
                "resource_manager_tags": null,
                "resource_policies": null,
                "source": "",
                "source_image": "projects/ubuntu-os-cloud/global/images/family/ubuntu-2204-lts",
                "source_image_encryption_key": [],
                "source_snapshot": "",
                "source_snapshot_encryption_key": [],
                "type": "PERSISTENT"
              }
            ],
            "effective_labels": {
              "goog-terraform-provisioned": "true"
            },
            "guest_accelerator": [
              {
                "count": 1,
                "type": "nvidia-l4"
              }
            ],
            "id": "projects/primeval-rain-460507-n3/global/instanceTemplates/looper-dev-app-template-20250609064334432600000001",
            "instance_description": "",
            "key_revocation_action_type": "",
            "labels": null,
            "machine_type": "g2-standard-4",
            "metadata": {
              "startup-script": "#!/bin/bash\n\n# Complete setup script for application server\nset -e\n\n# Update system\napt-get update -y\napt-get upgrade -y\n\n# Install essential packages\napt-get install -y curl wget git vim htop unzip software-properties-common apt-transport-https ca-certificates gnupg lsb-release jq tree net-tools\n\n# Install Docker\ncurl -fsSL https://get.docker.com -o get-docker.sh\nsh get-docker.sh\nusermod -aG docker $USER\n\n# Install Docker Compose\ncurl -L \"https://github.com/docker/compose/releases/latest/download/docker-compose-$(uname -s)-$(uname -m)\" -o /usr/local/bin/docker-compose\nchmod +x /usr/local/bin/docker-compose\nln -sf /usr/local/bin/docker-compose /usr/bin/docker-compose\n\n# Install NVIDIA Docker for GPU support\ndistribution=$(. /etc/os-release;echo $ID$VERSION_ID)\ncurl -s -L https://nvidia.github.io/nvidia-docker/gpgkey | apt-key add -\ncurl -s -L https://nvidia.github.io/nvidia-docker/$distribution/nvidia-docker.list | tee /etc/apt/sources.list.d/nvidia-docker.list\napt-get update -y\napt-get install -y nvidia-docker2\n\n# Install gcloud\necho \"deb [signed-by=/usr/share/keyrings/cloud.google.gpg] https://packages.cloud.google.com/apt cloud-sdk main\" | tee -a /etc/apt/sources.list.d/google-cloud-sdk.list\ncurl https://packages.cloud.google.com/apt/doc/apt-key.gpg | apt-key --keyring /usr/share/keyrings/cloud.google.gpg add -\napt-get update -y\napt-get install -y google-cloud-cli\n\n# Install Nginx\napt-get install -y nginx\n\n# Create application directories\nmkdir -p /opt/looper/{data,logs,scripts,keys}\nchmod 700 /opt/looper/keys\n\n# Create nginx configuration\ncat \u003e /etc/nginx/nginx.conf \u003c\u003c 'EOF'\nevents {\n    worker_connections 1024;\n}\n\nhttp {\n    server {\n        listen 80;\n        server_name _;\n        \n        location /health {\n            return 200 'OK';\n            add_header Content-Type text/plain;\n        }\n\n        location /api/ {\n            proxy_pass http://127.0.0.1:8080/;\n            proxy_http_version 1.1;\n            proxy_set_header Upgrade $http_upgrade;\n            proxy_set_header Connection \"upgrade\";\n            proxy_set_header Host $host;\n            proxy_set_header X-Real-IP $remote_addr;\n            proxy_set_header X-Forwarded-For $proxy_add_x_forwarded_for;\n            proxy_set_header X-Forwarded-Proto $scheme;\n            proxy_set_header X-Forwarded-Prefix /api;\n            proxy_cache_bypass $http_upgrade;\n        }\n\n        location / {\n            proxy_pass http://127.0.0.1:3000;\n            proxy_http_version 1.1;\n            proxy_set_header Upgrade $http_upgrade;\n            proxy_set_header Connection \"upgrade\";\n            proxy_set_header Host $host;\n            proxy_cache_bypass $http_upgrade;\n        }\n    }\n}\nEOF\n\n# Enable nginx\nsystemctl restart nginx \u0026\u0026 systemctl enable nginx\n\n# Create environment template\ncat \u003e /opt/looper/.env \u003c\u003c 'EOF'\n# Production Environment Variables\nPROJECT_ID=capable-range-455705-h4\nGAR_LOCATION=asia-northeast3\nGAR_NAME=looper\nIMAGE_TAG=latest\n\n# Database Configuration\nPOSTGRES_USER=looper\nPOSTGRES_PASSWORD=looperismylooper\nPOSTGRES_DB=looperdb_main_dev\nSPRING_DATASOURCE_URL=jdbc:postgresql://10.0.0.2:5432/looperdb_main_dev\n\n# Database Server IP\nDB_INSTANCE_IP=10.0.0.2\n\n# Frontend URLs  \nNEXT_PUBLIC_API_URL=http://REPLACE_LB_IP/api\nNEXT_PUBLIC_AI_URL=http://REPLACE_LB_IP:8000\nEOF\n\n# Create deployment scripts\ncat \u003e /opt/looper/scripts/deploy.sh \u003c\u003c 'EOF'\n#!/bin/bash\nset -e\n\ncd /opt/looper\n\n# Authenticate with GAR\ngcloud auth configure-docker asia-northeast3-docker.pkg.dev\n\n# Pull and start services\ndocker-compose -f docker-compose.prod.yml pull\ndocker-compose -f docker-compose.prod.yml up -d\n\n# Clean up old images\ndocker image prune -f\n\necho \"Deployment completed!\"\nEOF\n\ncat \u003e /opt/looper/scripts/status.sh \u003c\u003c 'EOF'\n#!/bin/bash\ncd /opt/looper\necho \"=== Docker Services ===\"\ndocker-compose -f docker-compose.prod.yml ps\necho \"\"\necho \"=== System Resources ===\"\necho \"Memory:\"\nfree -h\necho \"Disk:\"\ndf -h /opt\necho \"\"\necho \"=== Network ===\"\nnetstat -tlnp | grep -E \"(80|8080|3000)\"\nEOF\n\ncat \u003e /opt/looper/scripts/logs.sh \u003c\u003c 'EOF'\n#!/bin/bash\ncd /opt/looper\nif [ -z \"$1\" ]; then\n    docker-compose -f docker-compose.prod.yml logs --tail=50 -f\nelse\n    docker-compose -f docker-compose.prod.yml logs --tail=50 -f $1\nfi\nEOF\n\nchmod +x /opt/looper/scripts/*.sh\n\n# Create network\ndocker network create looper-network || true\n\n# Add useful aliases to bashrc\ncat \u003e\u003e /home/ubuntu/.bashrc \u003c\u003c 'EOF'\n\n# Looper aliases\nalias looper-deploy='/opt/looper/scripts/deploy.sh'\nalias looper-status='/opt/looper/scripts/status.sh'\nalias looper-logs='/opt/looper/scripts/logs.sh'\nalias looper-restart='cd /opt/looper \u0026\u0026 docker-compose -f docker-compose.prod.yml restart'\nalias looper-stop='cd /opt/looper \u0026\u0026 docker-compose -f docker-compose.prod.yml stop'\nalias looper-start='cd /opt/looper \u0026\u0026 docker-compose -f docker-compose.prod.yml start'\nEOF\n\n# Restart docker for nvidia support\nsystemctl restart docker\n\necho \"Application server setup completed!\"\necho \"IMPORTANT: Reboot required for GPU driver activation\"\necho \"Run 'sudo reboot' after setup completes\"\n"
            },
            "metadata_fingerprint": "fqPmURNcOMM=",
            "metadata_startup_script": null,
            "min_cpu_platform": "",
            "name": "looper-dev-app-template-20250609064334432600000001",
            "name_prefix": "looper-dev-app-template-",
            "network_interface": [
              {
                "access_config": [],
                "alias_ip_range": [],
                "internal_ipv6_prefix_length": 0,
                "ipv6_access_config": [],
                "ipv6_access_type": "",
                "ipv6_address": "",
                "name": "nic0",
                "network": "https://www.googleapis.com/compute/v1/projects/primeval-rain-460507-n3/global/networks/looper-dev-vpc",
                "network_ip": "",
                "nic_type": "",
                "queue_count": 0,
                "stack_type": "",
                "subnetwork": "https://www.googleapis.com/compute/v1/projects/primeval-rain-460507-n3/regions/asia-northeast3/subnetworks/looper-dev-subnet",
                "subnetwork_project": "primeval-rain-460507-n3"
              }
            ],
            "network_performance_config": [],
            "numeric_id": "619395988652244089",
            "project": "primeval-rain-460507-n3",
            "region": "asia-northeast3",
            "reservation_affinity": [],
            "resource_manager_tags": null,
            "resource_policies": null,
            "scheduling": [
              {
                "automatic_restart": true,
                "availability_domain": 0,
                "instance_termination_action": "",
                "local_ssd_recovery_timeout": [],
                "max_run_duration": [],
                "min_node_cpus": 0,
                "node_affinities": [],
                "on_host_maintenance": "TERMINATE",
                "on_instance_stop_action": [],
                "preemptible": false,
                "provisioning_model": "STANDARD",
                "termination_time": ""
              }
            ],
            "self_link": "https://www.googleapis.com/compute/v1/projects/primeval-rain-460507-n3/global/instanceTemplates/looper-dev-app-template-20250609064334432600000001",
            "self_link_unique": "https://www.googleapis.com/compute/v1/projects/primeval-rain-460507-n3/global/instanceTemplates/looper-dev-app-template-20250609064334432600000001?uniqueId=619395988652244089",
            "service_account": [
              {
                "email": "looper-dev-app-sa@primeval-rain-460507-n3.iam.gserviceaccount.com",
                "scopes": [
                  "https://www.googleapis.com/auth/cloud-platform"
                ]
              }
            ],
            "shielded_instance_config": [],
            "tags": [
              "http-server",
              "https-server",
              "ssh"
            ],
            "tags_fingerprint": "",
            "terraform_labels": {
              "goog-terraform-provisioned": "true"
            },
            "timeouts": null
          },
          "sensitive_attributes": [],
          "private": "eyJlMmJmYjczMC1lY2FhLTExZTYtOGY4OC0zNDM2M2JjN2M0YzAiOnsiY3JlYXRlIjoyNDAwMDAwMDAwMDAsImRlbGV0ZSI6MjQwMDAwMDAwMDAwfSwic2NoZW1hX3ZlcnNpb24iOiIxIn0=",
          "dependencies": [
            "module.database.data.google_project.project",
            "module.database.google_compute_address.db_internal_ip",
            "module.database.google_compute_disk.db_data_disk",
            "module.database.google_compute_disk_resource_policy_attachment.attachment",
            "module.database.google_compute_instance.db_server",
            "module.database.google_compute_resource_policy.backup_schedule",
            "module.database.google_storage_bucket.db_backup_bucket",
            "module.iam.google_project_iam_member.app_compute_viewer",
            "module.iam.google_project_iam_member.app_logs_writer",
            "module.iam.google_project_iam_member.app_metrics_writer",
            "module.iam.google_project_iam_member.db_compute_viewer",
            "module.iam.google_project_iam_member.db_logs_writer",
            "module.iam.google_project_iam_member.db_metrics_writer",
            "module.iam.google_project_iam_member.db_storage_admin",
            "module.iam.google_service_account.app_service_account",
            "module.iam.google_service_account.db_service_account",
            "module.network.google_compute_firewall.allow_health_checks",
            "module.network.google_compute_firewall.allow_http_https",
            "module.network.google_compute_firewall.allow_internal",
            "module.network.google_compute_firewall.allow_ssh_iap",
            "module.network.google_compute_network.vpc",
            "module.network.google_compute_router.router",
            "module.network.google_compute_router_nat.nat",
            "module.network.google_compute_subnetwork.subnet"
          ],
          "create_before_destroy": true
        }
      ]
    },
    {
      "module": "module.application",
      "mode": "managed",
      "type": "google_compute_region_instance_group_manager",
      "name": "app_group",
      "provider": "provider[\"registry.terraform.io/hashicorp/google\"]",
      "instances": [
        {
          "schema_version": 0,
          "attributes": {
            "all_instances_config": [],
            "auto_healing_policies": [],
            "base_instance_name": "looper-dev-app",
            "creation_timestamp": "2025-06-08T23:43:39.908-07:00",
            "description": "",
            "distribution_policy_target_shape": "BALANCED",
            "distribution_policy_zones": [
              "asia-northeast3-a",
              "asia-northeast3-b"
            ],
            "fingerprint": "PlO2dzh8XJM=",
            "id": "projects/primeval-rain-460507-n3/regions/asia-northeast3/instanceGroupManagers/looper-dev-app-group",
            "instance_flexibility_policy": [],
            "instance_group": "https://www.googleapis.com/compute/v1/projects/primeval-rain-460507-n3/regions/asia-northeast3/instanceGroups/looper-dev-app-group",
            "instance_group_manager_id": 6511972530422234228,
            "instance_lifecycle_policy": [
              {
                "default_action_on_failure": "REPAIR",
                "force_update_on_repair": "NO"
              }
            ],
            "list_managed_instances_results": "PAGELESS",
            "name": "looper-dev-app-group",
            "named_port": [
              {
                "name": "http",
                "port": 80
              },
              {
                "name": "https",
                "port": 443
              }
            ],
            "project": "primeval-rain-460507-n3",
            "region": "asia-northeast3",
            "self_link": "https://www.googleapis.com/compute/v1/projects/primeval-rain-460507-n3/regions/asia-northeast3/instanceGroupManagers/looper-dev-app-group",
            "standby_policy": [
              {
                "initial_delay_sec": 0,
                "mode": "MANUAL"
              }
            ],
            "stateful_disk": [],
            "stateful_external_ip": [],
            "stateful_internal_ip": [],
            "status": [
              {
                "all_instances_config": [
                  {
                    "current_revision": "",
                    "effective": true
                  }
                ],
                "is_stable": false,
                "stateful": [
                  {
                    "has_stateful_config": false,
                    "per_instance_configs": [
                      {
                        "all_effective": true
                      }
                    ]
                  }
                ],
                "version_target": [
                  {
                    "is_reached": true
                  }
                ]
              }
            ],
            "target_pools": null,
            "target_size": 1,
            "target_stopped_size": 0,
            "target_suspended_size": 0,
            "timeouts": null,
            "update_policy": [
              {
                "instance_redistribution_type": "NONE",
                "max_surge_fixed": 2,
                "max_surge_percent": 0,
                "max_unavailable_fixed": 2,
                "max_unavailable_percent": 0,
                "minimal_action": "REPLACE",
                "most_disruptive_allowed_action": "",
                "replacement_method": "SUBSTITUTE",
                "type": "PROACTIVE"
              }
            ],
            "version": [
              {
                "instance_template": "https://www.googleapis.com/compute/v1/projects/primeval-rain-460507-n3/global/instanceTemplates/looper-dev-app-template-20250609064334432600000001",
                "name": "",
                "target_size": []
              }
            ],
            "wait_for_instances": false,
            "wait_for_instances_status": "STABLE"
          },
          "sensitive_attributes": [],
          "private": "eyJlMmJmYjczMC1lY2FhLTExZTYtOGY4OC0zNDM2M2JjN2M0YzAiOnsiY3JlYXRlIjo5MDAwMDAwMDAwMDAsImRlbGV0ZSI6OTAwMDAwMDAwMDAwLCJ1cGRhdGUiOjkwMDAwMDAwMDAwMH19",
          "dependencies": [
            "module.application.google_compute_instance_template.app_template",
            "module.database.data.google_project.project",
            "module.database.google_compute_address.db_internal_ip",
            "module.database.google_compute_disk.db_data_disk",
            "module.database.google_compute_disk_resource_policy_attachment.attachment",
            "module.database.google_compute_instance.db_server",
            "module.database.google_compute_resource_policy.backup_schedule",
            "module.database.google_storage_bucket.db_backup_bucket",
            "module.iam.google_project_iam_member.app_compute_viewer",
            "module.iam.google_project_iam_member.app_logs_writer",
            "module.iam.google_project_iam_member.app_metrics_writer",
            "module.iam.google_project_iam_member.db_compute_viewer",
            "module.iam.google_project_iam_member.db_logs_writer",
            "module.iam.google_project_iam_member.db_metrics_writer",
            "module.iam.google_project_iam_member.db_storage_admin",
            "module.iam.google_service_account.app_service_account",
            "module.iam.google_service_account.db_service_account",
            "module.network.google_compute_firewall.allow_health_checks",
            "module.network.google_compute_firewall.allow_http_https",
            "module.network.google_compute_firewall.allow_internal",
            "module.network.google_compute_firewall.allow_ssh_iap",
            "module.network.google_compute_network.vpc",
            "module.network.google_compute_router.router",
            "module.network.google_compute_router_nat.nat",
            "module.network.google_compute_subnetwork.subnet"
          ]
        }
      ]
    },
    {
      "module": "module.database",
      "mode": "data",
      "type": "google_project",
      "name": "project",
      "provider": "provider[\"registry.terraform.io/hashicorp/google\"]",
      "instances": [
        {
          "schema_version": 0,
          "attributes": {
            "auto_create_network": null,
            "billing_account": "013DF8-953E6C-31BA01",
            "deletion_policy": "PREVENT",
            "effective_labels": {},
            "folder_id": null,
            "id": "projects/primeval-rain-460507-n3",
            "labels": {},
            "name": "looper-dev-rina",
            "number": "773542038967",
            "org_id": null,
            "project_id": "primeval-rain-460507-n3",
            "tags": null,
            "terraform_labels": {}
          },
          "sensitive_attributes": []
        }
      ]
    },
    {
      "module": "module.database",
      "mode": "managed",
      "type": "google_compute_address",
      "name": "db_internal_ip",
      "provider": "provider[\"registry.terraform.io/hashicorp/google\"]",
      "instances": [
        {
          "schema_version": 0,
          "attributes": {
            "address": "10.0.0.2",
            "address_type": "INTERNAL",
            "creation_timestamp": "2025-06-08T23:43:03.338-07:00",
            "description": "",
            "effective_labels": {
              "goog-terraform-provisioned": "true"
            },
            "id": "projects/primeval-rain-460507-n3/regions/asia-northeast3/addresses/looper-dev-db-internal-ip",
            "ip_version": "",
            "ipv6_endpoint_type": "",
            "label_fingerprint": "vezUS-42LLM=",
            "labels": null,
            "name": "looper-dev-db-internal-ip",
            "network": "",
            "network_tier": "PREMIUM",
            "prefix_length": 0,
            "project": "primeval-rain-460507-n3",
            "purpose": "GCE_ENDPOINT",
            "region": "asia-northeast3",
            "self_link": "https://www.googleapis.com/compute/v1/projects/primeval-rain-460507-n3/regions/asia-northeast3/addresses/looper-dev-db-internal-ip",
            "subnetwork": "https://www.googleapis.com/compute/v1/projects/primeval-rain-460507-n3/regions/asia-northeast3/subnetworks/looper-dev-subnet",
            "terraform_labels": {
              "goog-terraform-provisioned": "true"
            },
            "timeouts": null,
            "users": []
          },
          "sensitive_attributes": [],
          "private": "eyJlMmJmYjczMC1lY2FhLTExZTYtOGY4OC0zNDM2M2JjN2M0YzAiOnsiY3JlYXRlIjoxMjAwMDAwMDAwMDAwLCJkZWxldGUiOjEyMDAwMDAwMDAwMDAsInVwZGF0ZSI6MTIwMDAwMDAwMDAwMH19",
          "dependencies": [
            "module.iam.google_project_iam_member.app_compute_viewer",
            "module.iam.google_project_iam_member.app_logs_writer",
            "module.iam.google_project_iam_member.app_metrics_writer",
            "module.iam.google_project_iam_member.db_compute_viewer",
            "module.iam.google_project_iam_member.db_logs_writer",
            "module.iam.google_project_iam_member.db_metrics_writer",
            "module.iam.google_project_iam_member.db_storage_admin",
            "module.iam.google_service_account.app_service_account",
            "module.iam.google_service_account.db_service_account",
            "module.network.google_compute_firewall.allow_health_checks",
            "module.network.google_compute_firewall.allow_http_https",
            "module.network.google_compute_firewall.allow_internal",
            "module.network.google_compute_firewall.allow_ssh_iap",
            "module.network.google_compute_network.vpc",
            "module.network.google_compute_router.router",
            "module.network.google_compute_router_nat.nat",
            "module.network.google_compute_subnetwork.subnet"
          ],
          "create_before_destroy": true
        }
      ]
    },
    {
      "module": "module.database",
      "mode": "managed",
      "type": "google_compute_disk",
      "name": "db_data_disk",
      "provider": "provider[\"registry.terraform.io/hashicorp/google\"]",
      "instances": [
        {
          "schema_version": 0,
          "attributes": {
            "access_mode": "",
            "architecture": null,
            "async_primary_disk": [],
            "create_snapshot_before_destroy": false,
            "create_snapshot_before_destroy_prefix": null,
            "creation_timestamp": "2025-06-08T23:43:03.072-07:00",
            "description": "",
            "disk_encryption_key": [],
            "disk_id": "5171530155216813209",
            "effective_labels": {
              "goog-terraform-provisioned": "true"
            },
            "enable_confidential_compute": false,
            "guest_os_features": [],
            "id": "projects/primeval-rain-460507-n3/zones/asia-northeast3-a/disks/looper-dev-db-data-disk",
            "image": "",
            "label_fingerprint": "vezUS-42LLM=",
            "labels": null,
            "last_attach_timestamp": "",
            "last_detach_timestamp": "",
            "licenses": [],
            "name": "looper-dev-db-data-disk",
            "params": [],
            "physical_block_size_bytes": 4096,
            "project": "primeval-rain-460507-n3",
            "provisioned_iops": 0,
            "provisioned_throughput": 0,
            "self_link": "https://www.googleapis.com/compute/v1/projects/primeval-rain-460507-n3/zones/asia-northeast3-a/disks/looper-dev-db-data-disk",
            "size": 200,
            "snapshot": "",
            "source_disk": "",
            "source_disk_id": "",
            "source_image_encryption_key": [],
            "source_image_id": "",
            "source_instant_snapshot": "",
            "source_instant_snapshot_id": "",
            "source_snapshot_encryption_key": [],
            "source_snapshot_id": "",
            "source_storage_object": null,
            "storage_pool": "",
            "terraform_labels": {
              "goog-terraform-provisioned": "true"
            },
            "timeouts": null,
            "type": "pd-ssd",
            "users": [],
            "zone": "asia-northeast3-a"
          },
          "sensitive_attributes": [],
          "private": "eyJlMmJmYjczMC1lY2FhLTExZTYtOGY4OC0zNDM2M2JjN2M0YzAiOnsiY3JlYXRlIjoxMjAwMDAwMDAwMDAwLCJkZWxldGUiOjEyMDAwMDAwMDAwMDAsInVwZGF0ZSI6MTIwMDAwMDAwMDAwMH19",
          "dependencies": [
            "module.iam.google_project_iam_member.app_compute_viewer",
            "module.iam.google_project_iam_member.app_logs_writer",
            "module.iam.google_project_iam_member.app_metrics_writer",
            "module.iam.google_project_iam_member.db_compute_viewer",
            "module.iam.google_project_iam_member.db_logs_writer",
            "module.iam.google_project_iam_member.db_metrics_writer",
            "module.iam.google_project_iam_member.db_storage_admin",
            "module.iam.google_service_account.app_service_account",
            "module.iam.google_service_account.db_service_account",
            "module.network.google_compute_firewall.allow_health_checks",
            "module.network.google_compute_firewall.allow_http_https",
            "module.network.google_compute_firewall.allow_internal",
            "module.network.google_compute_firewall.allow_ssh_iap",
            "module.network.google_compute_network.vpc",
            "module.network.google_compute_router.router",
            "module.network.google_compute_router_nat.nat",
            "module.network.google_compute_subnetwork.subnet"
          ],
          "create_before_destroy": true
        }
      ]
    },
    {
      "module": "module.database",
      "mode": "managed",
      "type": "google_compute_disk_resource_policy_attachment",
      "name": "attachment",
      "provider": "provider[\"registry.terraform.io/hashicorp/google\"]",
      "instances": [
        {
          "schema_version": 0,
          "attributes": {
            "disk": "looper-dev-db-data-disk",
            "id": "primeval-rain-460507-n3/asia-northeast3-a/looper-dev-db-data-disk/looper-dev-db-snapshot-schedule",
            "name": "looper-dev-db-snapshot-schedule",
            "project": "primeval-rain-460507-n3",
            "timeouts": null,
            "zone": "asia-northeast3-a"
          },
          "sensitive_attributes": [],
          "private": "eyJlMmJmYjczMC1lY2FhLTExZTYtOGY4OC0zNDM2M2JjN2M0YzAiOnsiY3JlYXRlIjoxMjAwMDAwMDAwMDAwLCJkZWxldGUiOjEyMDAwMDAwMDAwMDB9fQ==",
          "dependencies": [
            "module.database.google_compute_disk.db_data_disk",
            "module.database.google_compute_resource_policy.backup_schedule",
            "module.iam.google_project_iam_member.app_compute_viewer",
            "module.iam.google_project_iam_member.app_logs_writer",
            "module.iam.google_project_iam_member.app_metrics_writer",
            "module.iam.google_project_iam_member.db_compute_viewer",
            "module.iam.google_project_iam_member.db_logs_writer",
            "module.iam.google_project_iam_member.db_metrics_writer",
            "module.iam.google_project_iam_member.db_storage_admin",
            "module.iam.google_service_account.app_service_account",
            "module.iam.google_service_account.db_service_account",
            "module.network.google_compute_firewall.allow_health_checks",
            "module.network.google_compute_firewall.allow_http_https",
            "module.network.google_compute_firewall.allow_internal",
            "module.network.google_compute_firewall.allow_ssh_iap",
            "module.network.google_compute_network.vpc",
            "module.network.google_compute_router.router",
            "module.network.google_compute_router_nat.nat",
            "module.network.google_compute_subnetwork.subnet"
          ],
          "create_before_destroy": true
        }
      ]
    },
    {
      "module": "module.database",
      "mode": "managed",
      "type": "google_compute_instance",
      "name": "db_server",
      "provider": "provider[\"registry.terraform.io/hashicorp/google\"]",
      "instances": [
        {
          "schema_version": 6,
          "attributes": {
            "advanced_machine_features": [],
            "allow_stopping_for_update": null,
            "attached_disk": [
              {
                "device_name": "data-disk",
                "disk_encryption_key_raw": "",
                "disk_encryption_key_rsa": "",
                "disk_encryption_key_sha256": "",
                "disk_encryption_service_account": "",
                "force_attach": false,
                "kms_key_self_link": "",
                "mode": "READ_WRITE",
                "source": "https://www.googleapis.com/compute/v1/projects/primeval-rain-460507-n3/zones/asia-northeast3-a/disks/looper-dev-db-data-disk"
              }
            ],
            "boot_disk": [
              {
                "auto_delete": true,
                "device_name": "persistent-disk-0",
                "disk_encryption_key_raw": "",
                "disk_encryption_key_rsa": "",
                "disk_encryption_key_sha256": "",
                "disk_encryption_service_account": "",
                "force_attach": false,
                "guest_os_features": [
                  "VIRTIO_SCSI_MULTIQUEUE",
                  "SEV_CAPABLE",
                  "SEV_SNP_CAPABLE",
                  "SEV_LIVE_MIGRATABLE",
                  "SEV_LIVE_MIGRATABLE_V2",
                  "IDPF",
                  "TDX_CAPABLE",
                  "UEFI_COMPATIBLE",
                  "GVNIC"
                ],
                "initialize_params": [
                  {
                    "architecture": "X86_64",
                    "enable_confidential_compute": false,
                    "image": "https://www.googleapis.com/compute/v1/projects/ubuntu-os-cloud/global/images/ubuntu-2204-jammy-v20250606",
                    "labels": {},
                    "provisioned_iops": 0,
                    "provisioned_throughput": 0,
                    "resource_manager_tags": null,
                    "resource_policies": [],
                    "size": 50,
                    "snapshot": "",
                    "source_image_encryption_key": [],
                    "source_snapshot_encryption_key": [],
                    "storage_pool": "",
                    "type": "pd-ssd"
                  }
                ],
                "interface": "",
                "kms_key_self_link": "",
                "mode": "READ_WRITE",
                "source": "https://www.googleapis.com/compute/v1/projects/primeval-rain-460507-n3/zones/asia-northeast3-a/disks/looper-dev-db-server"
              }
            ],
            "can_ip_forward": false,
            "confidential_instance_config": [],
            "cpu_platform": "Intel Cascade Lake",
            "creation_timestamp": "2025-06-08T23:43:17.732-07:00",
            "current_status": "RUNNING",
            "deletion_protection": false,
            "description": "",
            "desired_status": null,
            "effective_labels": {
              "goog-terraform-provisioned": "true"
            },
            "enable_display": false,
            "guest_accelerator": [],
            "hostname": "",
            "id": "projects/primeval-rain-460507-n3/zones/asia-northeast3-a/instances/looper-dev-db-server",
            "instance_encryption_key": [],
            "instance_id": "7109930358546316394",
            "key_revocation_action_type": "",
            "label_fingerprint": "vezUS-42LLM=",
            "labels": null,
            "machine_type": "n2-standard-4",
            "metadata": {
              "startup-script": "#!/bin/bash\n\n# Complete setup script for database server\nset -e\n\n# Update system\napt-get update -y\napt-get upgrade -y\n\n# Install Docker\ncurl -fsSL https://get.docker.com -o get-docker.sh\nsh get-docker.sh\nusermod -aG docker $USER\n\n# Install Docker Compose\ncurl -L \"https://github.com/docker/compose/releases/latest/download/docker-compose-$(uname -s)-$(uname -m)\" -o /usr/local/bin/docker-compose\nchmod +x /usr/local/bin/docker-compose\nln -sf /usr/local/bin/docker-compose /usr/bin/docker-compose\n\n# Install gcloud\necho \"deb [signed-by=/usr/share/keyrings/cloud.google.gpg] https://packages.cloud.google.com/apt cloud-sdk main\" | tee -a /etc/apt/sources.list.d/google-cloud-sdk.list\ncurl https://packages.cloud.google.com/apt/doc/apt-key.gpg | apt-key --keyring /usr/share/keyrings/cloud.google.gpg add -\napt-get update -y\napt-get install -y google-cloud-cli\n\n# Format and mount data disk\nmkfs.ext4 -F /dev/disk/by-id/google-data-disk\nmkdir -p /data\nmount /dev/disk/by-id/google-data-disk /data\necho \"/dev/disk/by-id/google-data-disk /data ext4 defaults 0 0\" \u003e\u003e /etc/fstab\n\n# Create looper directory\nmkdir -p /opt/looper\ncd /opt/looper\n\n# Create database compose file\ncat \u003e docker-compose.db.yml \u003c\u003c 'EOF'\nservices:\n  looper-postgres:\n    image: \"postgres:17\"\n    container_name: \"looper-postgres\"\n    ports:\n      - \"5432:5432\"\n    environment:\n      - POSTGRES_USER=looper\n      - POSTGRES_PASSWORD=looperismylooper\n      - POSTGRES_DB=looperdb_main_dev\n    volumes:\n      - /data/postgresql:/var/lib/postgresql/data\n    restart: always\n    networks:\n      - looper-network\n\n  looper-chromadb:\n    image: chromadb/chroma\n    container_name: chromadb\n    volumes:\n      - /data/chroma_data:/chroma/data\n    ports:\n      - \"8000:8000\"\n    environment:\n      - ALLOW_RESET=false\n    restart: always\n    networks:\n      - looper-network\n    \nnetworks:\n  looper-network:\n    driver: bridge\n\nvolumes:\n  chroma_data:\nEOF\n\n# Create network and start services\ndocker network create looper-network || true\ndocker-compose -f docker-compose.db.yml up -d\n\n# Setup backup script\ncat \u003e /opt/looper/backup.sh \u003c\u003c 'EOF'\n#!/bin/bash\nDATE=$(date +%Y%m%d_%H%M%S)\nBACKUP_FILE=\"db_backup_$DATE.sql\"\ndocker exec looper-postgres pg_dump -U looper -d looperdb_main_dev \u003e /tmp/$BACKUP_FILE\ngsutil cp /tmp/$BACKUP_FILE gs://looper-dev-db-backups-rina/\nrm /tmp/$BACKUP_FILE\nEOF\n\nchmod +x /opt/looper/backup.sh\n\n# Setup cron for backups\necho \"0 0 * * * root /opt/looper/backup.sh\" \u003e\u003e /etc/crontab\n\necho \"Database server setup completed!\"\n"
            },
            "metadata_fingerprint": "5B7ZKXYMvms=",
            "metadata_startup_script": null,
            "min_cpu_platform": "",
            "name": "looper-dev-db-server",
            "network_interface": [
              {
                "access_config": [],
                "alias_ip_range": [],
                "internal_ipv6_prefix_length": 0,
                "ipv6_access_config": [],
                "ipv6_access_type": "",
                "ipv6_address": "",
                "name": "nic0",
                "network": "https://www.googleapis.com/compute/v1/projects/primeval-rain-460507-n3/global/networks/looper-dev-vpc",
                "network_attachment": "",
                "network_ip": "10.0.0.2",
                "nic_type": "",
                "queue_count": 0,
                "stack_type": "IPV4_ONLY",
                "subnetwork": "https://www.googleapis.com/compute/v1/projects/primeval-rain-460507-n3/regions/asia-northeast3/subnetworks/looper-dev-subnet",
                "subnetwork_project": "primeval-rain-460507-n3"
              }
            ],
            "network_performance_config": [],
            "params": [],
            "project": "primeval-rain-460507-n3",
            "reservation_affinity": [],
            "resource_policies": null,
            "scheduling": [
              {
                "automatic_restart": true,
                "availability_domain": 0,
                "instance_termination_action": "",
                "local_ssd_recovery_timeout": [],
                "max_run_duration": [],
                "min_node_cpus": 0,
                "node_affinities": [],
                "on_host_maintenance": "MIGRATE",
                "on_instance_stop_action": [],
                "preemptible": false,
                "provisioning_model": "STANDARD",
                "termination_time": ""
              }
            ],
            "scratch_disk": [],
            "self_link": "https://www.googleapis.com/compute/v1/projects/primeval-rain-460507-n3/zones/asia-northeast3-a/instances/looper-dev-db-server",
            "service_account": [
              {
                "email": "looper-dev-db-sa@primeval-rain-460507-n3.iam.gserviceaccount.com",
                "scopes": [
                  "https://www.googleapis.com/auth/cloud-platform"
                ]
              }
            ],
            "shielded_instance_config": [
              {
                "enable_integrity_monitoring": true,
                "enable_secure_boot": false,
                "enable_vtpm": true
              }
            ],
            "tags": [
              "database",
              "ssh"
            ],
            "tags_fingerprint": "22sTRfPQYj4=",
            "terraform_labels": {
              "goog-terraform-provisioned": "true"
            },
            "timeouts": null,
            "zone": "asia-northeast3-a"
          },
          "sensitive_attributes": [],
          "private": "eyJlMmJmYjczMC1lY2FhLTExZTYtOGY4OC0zNDM2M2JjN2M0YzAiOnsiY3JlYXRlIjoxMjAwMDAwMDAwMDAwLCJkZWxldGUiOjEyMDAwMDAwMDAwMDAsInVwZGF0ZSI6MTIwMDAwMDAwMDAwMH0sInNjaGVtYV92ZXJzaW9uIjoiNiJ9",
          "dependencies": [
            "module.database.google_compute_address.db_internal_ip",
            "module.database.google_compute_disk.db_data_disk",
            "module.database.google_storage_bucket.db_backup_bucket",
            "module.iam.google_project_iam_member.app_compute_viewer",
            "module.iam.google_project_iam_member.app_logs_writer",
            "module.iam.google_project_iam_member.app_metrics_writer",
            "module.iam.google_project_iam_member.db_compute_viewer",
            "module.iam.google_project_iam_member.db_logs_writer",
            "module.iam.google_project_iam_member.db_metrics_writer",
            "module.iam.google_project_iam_member.db_storage_admin",
            "module.iam.google_service_account.app_service_account",
            "module.iam.google_service_account.db_service_account",
            "module.network.google_compute_firewall.allow_health_checks",
            "module.network.google_compute_firewall.allow_http_https",
            "module.network.google_compute_firewall.allow_internal",
            "module.network.google_compute_firewall.allow_ssh_iap",
            "module.network.google_compute_network.vpc",
            "module.network.google_compute_router.router",
            "module.network.google_compute_router_nat.nat",
            "module.network.google_compute_subnetwork.subnet"
          ],
          "create_before_destroy": true
        }
      ]
    },
    {
      "module": "module.database",
      "mode": "managed",
      "type": "google_compute_resource_policy",
      "name": "backup_schedule",
      "provider": "provider[\"registry.terraform.io/hashicorp/google\"]",
      "instances": [
        {
          "schema_version": 0,
          "attributes": {
            "description": "",
            "disk_consistency_group_policy": [],
            "group_placement_policy": [],
            "id": "projects/primeval-rain-460507-n3/regions/asia-northeast3/resourcePolicies/looper-dev-db-snapshot-schedule",
            "instance_schedule_policy": [],
            "name": "looper-dev-db-snapshot-schedule",
            "project": "primeval-rain-460507-n3",
            "region": "asia-northeast3",
            "self_link": "https://www.googleapis.com/compute/v1/projects/primeval-rain-460507-n3/regions/asia-northeast3/resourcePolicies/looper-dev-db-snapshot-schedule",
            "snapshot_schedule_policy": [
              {
                "retention_policy": [
                  {
                    "max_retention_days": 7,
                    "on_source_disk_delete": "KEEP_AUTO_SNAPSHOTS"
                  }
                ],
                "schedule": [
                  {
                    "daily_schedule": [
                      {
                        "days_in_cycle": 1,
                        "start_time": "01:00"
                      }
                    ],
                    "hourly_schedule": [],
                    "weekly_schedule": []
                  }
                ],
                "snapshot_properties": [
                  {
                    "chain_name": "",
                    "guest_flush": true,
                    "labels": null,
                    "storage_locations": [
                      "asia-northeast3"
                    ]
                  }
                ]
              }
            ],
            "timeouts": null
          },
          "sensitive_attributes": [],
          "private": "eyJlMmJmYjczMC1lY2FhLTExZTYtOGY4OC0zNDM2M2JjN2M0YzAiOnsiY3JlYXRlIjoxMjAwMDAwMDAwMDAwLCJkZWxldGUiOjEyMDAwMDAwMDAwMDAsInVwZGF0ZSI6MTIwMDAwMDAwMDAwMH19",
          "dependencies": [
            "module.iam.google_project_iam_member.app_compute_viewer",
            "module.iam.google_project_iam_member.app_logs_writer",
            "module.iam.google_project_iam_member.app_metrics_writer",
            "module.iam.google_project_iam_member.db_compute_viewer",
            "module.iam.google_project_iam_member.db_logs_writer",
            "module.iam.google_project_iam_member.db_metrics_writer",
            "module.iam.google_project_iam_member.db_storage_admin",
            "module.iam.google_service_account.app_service_account",
            "module.iam.google_service_account.db_service_account",
            "module.network.google_compute_firewall.allow_health_checks",
            "module.network.google_compute_firewall.allow_http_https",
            "module.network.google_compute_firewall.allow_internal",
            "module.network.google_compute_firewall.allow_ssh_iap",
            "module.network.google_compute_network.vpc",
            "module.network.google_compute_router.router",
            "module.network.google_compute_router_nat.nat",
            "module.network.google_compute_subnetwork.subnet"
          ],
          "create_before_destroy": true
        }
      ]
    },
    {
      "module": "module.database",
      "mode": "managed",
      "type": "google_storage_bucket",
      "name": "db_backup_bucket",
      "provider": "provider[\"registry.terraform.io/hashicorp/google\"]",
      "instances": [
        {
          "schema_version": 3,
          "attributes": {
            "autoclass": [],
            "cors": [],
            "custom_placement_config": [],
            "default_event_based_hold": false,
            "effective_labels": {
              "goog-terraform-provisioned": "true"
            },
            "enable_object_retention": false,
            "encryption": [],
            "force_destroy": false,
            "hierarchical_namespace": [
              {
                "enabled": false
              }
            ],
            "id": "looper-dev-db-backups-rina",
            "ip_filter": [],
            "labels": null,
            "lifecycle_rule": [
              {
                "action": [
                  {
                    "storage_class": "",
                    "type": "Delete"
                  }
                ],
                "condition": [
                  {
                    "age": 30,
                    "created_before": "",
                    "custom_time_before": "",
                    "days_since_custom_time": 0,
                    "days_since_noncurrent_time": 0,
                    "matches_prefix": [],
                    "matches_storage_class": [],
                    "matches_suffix": [],
                    "noncurrent_time_before": "",
                    "num_newer_versions": 0,
                    "send_age_if_zero": false,
                    "send_days_since_custom_time_if_zero": false,
                    "send_days_since_noncurrent_time_if_zero": false,
                    "send_num_newer_versions_if_zero": false,
                    "with_state": "ANY"
                  }
                ]
              }
            ],
            "location": "ASIA-NORTHEAST3",
            "logging": [],
            "name": "looper-dev-db-backups-rina",
            "project": "primeval-rain-460507-n3",
            "project_number": 773542038967,
            "public_access_prevention": "inherited",
            "requester_pays": false,
            "retention_policy": [],
            "rpo": null,
            "self_link": "https://www.googleapis.com/storage/v1/b/looper-dev-db-backups-rina",
            "soft_delete_policy": [
              {
                "effective_time": "2025-06-09T06:43:04.183Z",
                "retention_duration_seconds": 604800
              }
            ],
            "storage_class": "STANDARD",
            "terraform_labels": {
              "goog-terraform-provisioned": "true"
            },
            "time_created": "2025-06-09T06:43:04.183Z",
            "timeouts": null,
            "uniform_bucket_level_access": true,
            "updated": "2025-06-09T06:43:04.183Z",
            "url": "gs://looper-dev-db-backups-rina",
            "versioning": [],
            "website": []
          },
          "sensitive_attributes": [],
          "private": "eyJlMmJmYjczMC1lY2FhLTExZTYtOGY4OC0zNDM2M2JjN2M0YzAiOnsiY3JlYXRlIjo2MDAwMDAwMDAwMDAsInJlYWQiOjI0MDAwMDAwMDAwMCwidXBkYXRlIjoyNDAwMDAwMDAwMDB9LCJzY2hlbWFfdmVyc2lvbiI6IjMifQ==",
          "dependencies": [
            "module.iam.google_project_iam_member.app_compute_viewer",
            "module.iam.google_project_iam_member.app_logs_writer",
            "module.iam.google_project_iam_member.app_metrics_writer",
            "module.iam.google_project_iam_member.db_compute_viewer",
            "module.iam.google_project_iam_member.db_logs_writer",
            "module.iam.google_project_iam_member.db_metrics_writer",
            "module.iam.google_project_iam_member.db_storage_admin",
            "module.iam.google_service_account.app_service_account",
            "module.iam.google_service_account.db_service_account",
            "module.network.google_compute_firewall.allow_health_checks",
            "module.network.google_compute_firewall.allow_http_https",
            "module.network.google_compute_firewall.allow_internal",
            "module.network.google_compute_firewall.allow_ssh_iap",
            "module.network.google_compute_network.vpc",
            "module.network.google_compute_router.router",
            "module.network.google_compute_router_nat.nat",
            "module.network.google_compute_subnetwork.subnet"
          ],
          "create_before_destroy": true
        }
      ]
    },
    {
      "module": "module.iam",
      "mode": "managed",
      "type": "google_project_iam_member",
      "name": "app_compute_viewer",
      "provider": "provider[\"registry.terraform.io/hashicorp/google\"]",
      "instances": [
        {
          "schema_version": 0,
          "attributes": {
            "condition": [],
            "etag": "BwY3HePQY9M=",
            "id": "primeval-rain-460507-n3/roles/compute.viewer/serviceAccount:looper-dev-app-sa@primeval-rain-460507-n3.iam.gserviceaccount.com",
            "member": "serviceAccount:looper-dev-app-sa@primeval-rain-460507-n3.iam.gserviceaccount.com",
            "project": "primeval-rain-460507-n3",
            "role": "roles/compute.viewer"
          },
          "sensitive_attributes": [],
          "private": "bnVsbA==",
          "dependencies": [
            "module.iam.google_service_account.app_service_account",
            "module.network.google_compute_firewall.allow_health_checks",
            "module.network.google_compute_firewall.allow_http_https",
            "module.network.google_compute_firewall.allow_internal",
            "module.network.google_compute_firewall.allow_ssh_iap",
            "module.network.google_compute_network.vpc",
            "module.network.google_compute_router.router",
            "module.network.google_compute_router_nat.nat",
            "module.network.google_compute_subnetwork.subnet"
          ],
          "create_before_destroy": true
        }
      ]
    },
    {
      "module": "module.iam",
      "mode": "managed",
      "type": "google_project_iam_member",
      "name": "app_logs_writer",
      "provider": "provider[\"registry.terraform.io/hashicorp/google\"]",
      "instances": [
        {
          "schema_version": 0,
          "attributes": {
            "condition": [],
            "etag": "BwY3HePQY9M=",
            "id": "primeval-rain-460507-n3/roles/logging.logWriter/serviceAccount:looper-dev-app-sa@primeval-rain-460507-n3.iam.gserviceaccount.com",
            "member": "serviceAccount:looper-dev-app-sa@primeval-rain-460507-n3.iam.gserviceaccount.com",
            "project": "primeval-rain-460507-n3",
            "role": "roles/logging.logWriter"
          },
          "sensitive_attributes": [],
          "private": "bnVsbA==",
          "dependencies": [
            "module.iam.google_service_account.app_service_account",
            "module.network.google_compute_firewall.allow_health_checks",
            "module.network.google_compute_firewall.allow_http_https",
            "module.network.google_compute_firewall.allow_internal",
            "module.network.google_compute_firewall.allow_ssh_iap",
            "module.network.google_compute_network.vpc",
            "module.network.google_compute_router.router",
            "module.network.google_compute_router_nat.nat",
            "module.network.google_compute_subnetwork.subnet"
          ],
          "create_before_destroy": true
        }
      ]
    },
    {
      "module": "module.iam",
      "mode": "managed",
      "type": "google_project_iam_member",
      "name": "app_metrics_writer",
      "provider": "provider[\"registry.terraform.io/hashicorp/google\"]",
      "instances": [
        {
          "schema_version": 0,
          "attributes": {
            "condition": [],
            "etag": "BwY3HePQY9M=",
            "id": "primeval-rain-460507-n3/roles/monitoring.metricWriter/serviceAccount:looper-dev-app-sa@primeval-rain-460507-n3.iam.gserviceaccount.com",
            "member": "serviceAccount:looper-dev-app-sa@primeval-rain-460507-n3.iam.gserviceaccount.com",
            "project": "primeval-rain-460507-n3",
            "role": "roles/monitoring.metricWriter"
          },
          "sensitive_attributes": [],
          "private": "bnVsbA==",
          "dependencies": [
            "module.iam.google_service_account.app_service_account",
            "module.network.google_compute_firewall.allow_health_checks",
            "module.network.google_compute_firewall.allow_http_https",
            "module.network.google_compute_firewall.allow_internal",
            "module.network.google_compute_firewall.allow_ssh_iap",
            "module.network.google_compute_network.vpc",
            "module.network.google_compute_router.router",
            "module.network.google_compute_router_nat.nat",
            "module.network.google_compute_subnetwork.subnet"
          ],
          "create_before_destroy": true
        }
      ]
    },
    {
      "module": "module.iam",
      "mode": "managed",
      "type": "google_project_iam_member",
      "name": "db_compute_viewer",
      "provider": "provider[\"registry.terraform.io/hashicorp/google\"]",
      "instances": [
        {
          "schema_version": 0,
          "attributes": {
            "condition": [],
            "etag": "BwY3HePQY9M=",
            "id": "primeval-rain-460507-n3/roles/compute.viewer/serviceAccount:looper-dev-db-sa@primeval-rain-460507-n3.iam.gserviceaccount.com",
            "member": "serviceAccount:looper-dev-db-sa@primeval-rain-460507-n3.iam.gserviceaccount.com",
            "project": "primeval-rain-460507-n3",
            "role": "roles/compute.viewer"
          },
          "sensitive_attributes": [],
          "private": "bnVsbA==",
          "dependencies": [
            "module.iam.google_service_account.db_service_account",
            "module.network.google_compute_firewall.allow_health_checks",
            "module.network.google_compute_firewall.allow_http_https",
            "module.network.google_compute_firewall.allow_internal",
            "module.network.google_compute_firewall.allow_ssh_iap",
            "module.network.google_compute_network.vpc",
            "module.network.google_compute_router.router",
            "module.network.google_compute_router_nat.nat",
            "module.network.google_compute_subnetwork.subnet"
          ],
          "create_before_destroy": true
        }
      ]
    },
    {
      "module": "module.iam",
      "mode": "managed",
      "type": "google_project_iam_member",
      "name": "db_logs_writer",
      "provider": "provider[\"registry.terraform.io/hashicorp/google\"]",
      "instances": [
        {
          "schema_version": 0,
          "attributes": {
            "condition": [],
            "etag": "BwY3HePQY9M=",
            "id": "primeval-rain-460507-n3/roles/logging.logWriter/serviceAccount:looper-dev-db-sa@primeval-rain-460507-n3.iam.gserviceaccount.com",
            "member": "serviceAccount:looper-dev-db-sa@primeval-rain-460507-n3.iam.gserviceaccount.com",
            "project": "primeval-rain-460507-n3",
            "role": "roles/logging.logWriter"
          },
          "sensitive_attributes": [],
          "private": "bnVsbA==",
          "dependencies": [
            "module.iam.google_service_account.db_service_account",
            "module.network.google_compute_firewall.allow_health_checks",
            "module.network.google_compute_firewall.allow_http_https",
            "module.network.google_compute_firewall.allow_internal",
            "module.network.google_compute_firewall.allow_ssh_iap",
            "module.network.google_compute_network.vpc",
            "module.network.google_compute_router.router",
            "module.network.google_compute_router_nat.nat",
            "module.network.google_compute_subnetwork.subnet"
          ],
          "create_before_destroy": true
        }
      ]
    },
    {
      "module": "module.iam",
      "mode": "managed",
      "type": "google_project_iam_member",
      "name": "db_metrics_writer",
      "provider": "provider[\"registry.terraform.io/hashicorp/google\"]",
      "instances": [
        {
          "schema_version": 0,
          "attributes": {
            "condition": [],
            "etag": "BwY3HePQY9M=",
            "id": "primeval-rain-460507-n3/roles/monitoring.metricWriter/serviceAccount:looper-dev-db-sa@primeval-rain-460507-n3.iam.gserviceaccount.com",
            "member": "serviceAccount:looper-dev-db-sa@primeval-rain-460507-n3.iam.gserviceaccount.com",
            "project": "primeval-rain-460507-n3",
            "role": "roles/monitoring.metricWriter"
          },
          "sensitive_attributes": [],
          "private": "bnVsbA==",
          "dependencies": [
            "module.iam.google_service_account.db_service_account",
            "module.network.google_compute_firewall.allow_health_checks",
            "module.network.google_compute_firewall.allow_http_https",
            "module.network.google_compute_firewall.allow_internal",
            "module.network.google_compute_firewall.allow_ssh_iap",
            "module.network.google_compute_network.vpc",
            "module.network.google_compute_router.router",
            "module.network.google_compute_router_nat.nat",
            "module.network.google_compute_subnetwork.subnet"
          ],
          "create_before_destroy": true
        }
      ]
    },
    {
      "module": "module.iam",
      "mode": "managed",
      "type": "google_project_iam_member",
      "name": "db_storage_admin",
      "provider": "provider[\"registry.terraform.io/hashicorp/google\"]",
      "instances": [
        {
          "schema_version": 0,
          "attributes": {
            "condition": [],
            "etag": "BwY3HePQY9M=",
            "id": "primeval-rain-460507-n3/roles/storage.objectAdmin/serviceAccount:looper-dev-db-sa@primeval-rain-460507-n3.iam.gserviceaccount.com",
            "member": "serviceAccount:looper-dev-db-sa@primeval-rain-460507-n3.iam.gserviceaccount.com",
            "project": "primeval-rain-460507-n3",
            "role": "roles/storage.objectAdmin"
          },
          "sensitive_attributes": [],
          "private": "bnVsbA==",
          "dependencies": [
            "module.iam.google_service_account.db_service_account",
            "module.network.google_compute_firewall.allow_health_checks",
            "module.network.google_compute_firewall.allow_http_https",
            "module.network.google_compute_firewall.allow_internal",
            "module.network.google_compute_firewall.allow_ssh_iap",
            "module.network.google_compute_network.vpc",
            "module.network.google_compute_router.router",
            "module.network.google_compute_router_nat.nat",
            "module.network.google_compute_subnetwork.subnet"
          ],
          "create_before_destroy": true
        }
      ]
    },
    {
      "module": "module.iam",
      "mode": "managed",
      "type": "google_service_account",
      "name": "app_service_account",
      "provider": "provider[\"registry.terraform.io/hashicorp/google\"]",
      "instances": [
        {
          "schema_version": 0,
          "attributes": {
            "account_id": "looper-dev-app-sa",
            "create_ignore_already_exists": null,
            "description": "",
            "disabled": false,
            "display_name": "Application Service Account",
            "email": "looper-dev-app-sa@primeval-rain-460507-n3.iam.gserviceaccount.com",
            "id": "projects/primeval-rain-460507-n3/serviceAccounts/looper-dev-app-sa@primeval-rain-460507-n3.iam.gserviceaccount.com",
            "member": "serviceAccount:looper-dev-app-sa@primeval-rain-460507-n3.iam.gserviceaccount.com",
            "name": "projects/primeval-rain-460507-n3/serviceAccounts/looper-dev-app-sa@primeval-rain-460507-n3.iam.gserviceaccount.com",
            "project": "primeval-rain-460507-n3",
            "timeouts": null,
            "unique_id": "111032285252855730030"
          },
          "sensitive_attributes": [],
          "private": "eyJlMmJmYjczMC1lY2FhLTExZTYtOGY4OC0zNDM2M2JjN2M0YzAiOnsiY3JlYXRlIjozMDAwMDAwMDAwMDB9fQ==",
          "dependencies": [
            "module.network.google_compute_firewall.allow_health_checks",
            "module.network.google_compute_firewall.allow_http_https",
            "module.network.google_compute_firewall.allow_internal",
            "module.network.google_compute_firewall.allow_ssh_iap",
            "module.network.google_compute_network.vpc",
            "module.network.google_compute_router.router",
            "module.network.google_compute_router_nat.nat",
            "module.network.google_compute_subnetwork.subnet"
          ],
          "create_before_destroy": true
        }
      ]
    },
    {
      "module": "module.iam",
      "mode": "managed",
      "type": "google_service_account",
      "name": "db_service_account",
      "provider": "provider[\"registry.terraform.io/hashicorp/google\"]",
      "instances": [
        {
          "schema_version": 0,
          "attributes": {
            "account_id": "looper-dev-db-sa",
            "create_ignore_already_exists": null,
            "description": "",
            "disabled": false,
            "display_name": "Database Service Account",
            "email": "looper-dev-db-sa@primeval-rain-460507-n3.iam.gserviceaccount.com",
            "id": "projects/primeval-rain-460507-n3/serviceAccounts/looper-dev-db-sa@primeval-rain-460507-n3.iam.gserviceaccount.com",
            "member": "serviceAccount:looper-dev-db-sa@primeval-rain-460507-n3.iam.gserviceaccount.com",
            "name": "projects/primeval-rain-460507-n3/serviceAccounts/looper-dev-db-sa@primeval-rain-460507-n3.iam.gserviceaccount.com",
            "project": "primeval-rain-460507-n3",
            "timeouts": null,
            "unique_id": "115178677987144067141"
          },
          "sensitive_attributes": [],
          "private": "eyJlMmJmYjczMC1lY2FhLTExZTYtOGY4OC0zNDM2M2JjN2M0YzAiOnsiY3JlYXRlIjozMDAwMDAwMDAwMDB9fQ==",
          "dependencies": [
            "module.network.google_compute_firewall.allow_health_checks",
            "module.network.google_compute_firewall.allow_http_https",
            "module.network.google_compute_firewall.allow_internal",
            "module.network.google_compute_firewall.allow_ssh_iap",
            "module.network.google_compute_network.vpc",
            "module.network.google_compute_router.router",
            "module.network.google_compute_router_nat.nat",
            "module.network.google_compute_subnetwork.subnet"
          ],
          "create_before_destroy": true
        }
      ]
    },
    {
      "module": "module.load_balancer",
      "mode": "managed",
      "type": "google_compute_backend_service",
      "name": "backend_service",
      "provider": "provider[\"registry.terraform.io/hashicorp/google\"]",
      "instances": [
        {
          "schema_version": 1,
          "attributes": {
            "affinity_cookie_ttl_sec": 0,
            "backend": [
              {
                "balancing_mode": "UTILIZATION",
                "capacity_scaler": 1,
                "custom_metrics": [],
                "description": "",
                "group": "https://www.googleapis.com/compute/v1/projects/primeval-rain-460507-n3/regions/asia-northeast3/instanceGroups/looper-dev-app-group",
                "max_connections": 0,
                "max_connections_per_endpoint": 0,
                "max_connections_per_instance": 0,
                "max_rate": 0,
                "max_rate_per_endpoint": 0,
                "max_rate_per_instance": 0,
                "max_utilization": 0,
                "preference": ""
              }
            ],
            "cdn_policy": [],
            "circuit_breakers": [],
            "compression_mode": "",
            "connection_draining_timeout_sec": 300,
            "consistent_hash": [],
            "creation_timestamp": "2025-06-08T23:44:15.512-07:00",
            "custom_metrics": [],
            "custom_request_headers": null,
            "custom_response_headers": null,
            "description": "",
            "edge_security_policy": "",
            "enable_cdn": false,
            "external_managed_migration_state": "",
            "external_managed_migration_testing_percentage": 0,
            "fingerprint": "1oSXmCLNGqU=",
            "generated_id": 5102828811832736848,
            "health_checks": [
              "projects/primeval-rain-460507-n3/global/healthChecks/looper-dev-http-health-check"
            ],
            "iap": [],
            "id": "projects/primeval-rain-460507-n3/global/backendServices/looper-dev-backend-service",
            "ip_address_selection_policy": "",
            "load_balancing_scheme": "EXTERNAL",
            "locality_lb_policies": [],
            "locality_lb_policy": "",
            "log_config": [
              {
                "enable": true,
                "optional_fields": null,
                "optional_mode": "EXCLUDE_ALL_OPTIONAL",
                "sample_rate": 1
              }
            ],
            "max_stream_duration": [],
            "name": "looper-dev-backend-service",
            "outlier_detection": [],
            "port_name": "http",
            "project": "primeval-rain-460507-n3",
            "protocol": "HTTP",
            "security_policy": "",
            "security_settings": [],
            "self_link": "https://www.googleapis.com/compute/v1/projects/primeval-rain-460507-n3/global/backendServices/looper-dev-backend-service",
            "service_lb_policy": "",
            "session_affinity": "NONE",
            "strong_session_affinity_cookie": [],
            "timeout_sec": 30,
            "timeouts": null
          },
          "sensitive_attributes": [],
          "private": "eyJlMmJmYjczMC1lY2FhLTExZTYtOGY4OC0zNDM2M2JjN2M0YzAiOnsiY3JlYXRlIjoxMjAwMDAwMDAwMDAwLCJkZWxldGUiOjEyMDAwMDAwMDAwMDAsInVwZGF0ZSI6MTIwMDAwMDAwMDAwMH0sInNjaGVtYV92ZXJzaW9uIjoiMSJ9",
          "dependencies": [
            "module.application.google_compute_instance_template.app_template",
            "module.application.google_compute_region_instance_group_manager.app_group",
            "module.database.data.google_project.project",
            "module.database.google_compute_address.db_internal_ip",
            "module.database.google_compute_disk.db_data_disk",
            "module.database.google_compute_disk_resource_policy_attachment.attachment",
            "module.database.google_compute_instance.db_server",
            "module.database.google_compute_resource_policy.backup_schedule",
            "module.database.google_storage_bucket.db_backup_bucket",
            "module.iam.google_project_iam_member.app_compute_viewer",
            "module.iam.google_project_iam_member.app_logs_writer",
            "module.iam.google_project_iam_member.app_metrics_writer",
            "module.iam.google_project_iam_member.db_compute_viewer",
            "module.iam.google_project_iam_member.db_logs_writer",
            "module.iam.google_project_iam_member.db_metrics_writer",
            "module.iam.google_project_iam_member.db_storage_admin",
            "module.iam.google_service_account.app_service_account",
            "module.iam.google_service_account.db_service_account",
            "module.load_balancer.google_compute_health_check.http_health_check",
            "module.network.google_compute_firewall.allow_health_checks",
            "module.network.google_compute_firewall.allow_http_https",
            "module.network.google_compute_firewall.allow_internal",
            "module.network.google_compute_firewall.allow_ssh_iap",
            "module.network.google_compute_network.vpc",
            "module.network.google_compute_router.router",
            "module.network.google_compute_router_nat.nat",
            "module.network.google_compute_subnetwork.subnet"
          ]
        }
      ]
    },
    {
      "module": "module.load_balancer",
      "mode": "managed",
      "type": "google_compute_global_address",
      "name": "lb_ip",
      "provider": "provider[\"registry.terraform.io/hashicorp/google\"]",
      "instances": [
        {
          "schema_version": 0,
          "attributes": {
            "address": "34.111.77.146",
            "address_type": "EXTERNAL",
            "creation_timestamp": "2025-06-08T23:44:02.857-07:00",
            "description": "",
            "effective_labels": {
              "goog-terraform-provisioned": "true"
            },
            "id": "projects/primeval-rain-460507-n3/global/addresses/looper-dev-lb-ip",
            "ip_version": "",
            "label_fingerprint": "vezUS-42LLM=",
            "labels": null,
            "name": "looper-dev-lb-ip",
            "network": "",
            "prefix_length": 0,
            "project": "primeval-rain-460507-n3",
            "purpose": "",
            "self_link": "https://www.googleapis.com/compute/v1/projects/primeval-rain-460507-n3/global/addresses/looper-dev-lb-ip",
            "terraform_labels": {
              "goog-terraform-provisioned": "true"
            },
            "timeouts": null
          },
          "sensitive_attributes": [],
          "private": "eyJlMmJmYjczMC1lY2FhLTExZTYtOGY4OC0zNDM2M2JjN2M0YzAiOnsiY3JlYXRlIjoxMjAwMDAwMDAwMDAwLCJkZWxldGUiOjEyMDAwMDAwMDAwMDAsInVwZGF0ZSI6MTIwMDAwMDAwMDAwMH19",
          "dependencies": [
            "module.application.google_compute_instance_template.app_template",
            "module.application.google_compute_region_instance_group_manager.app_group",
            "module.database.data.google_project.project",
            "module.database.google_compute_address.db_internal_ip",
            "module.database.google_compute_disk.db_data_disk",
            "module.database.google_compute_disk_resource_policy_attachment.attachment",
            "module.database.google_compute_instance.db_server",
            "module.database.google_compute_resource_policy.backup_schedule",
            "module.database.google_storage_bucket.db_backup_bucket",
            "module.iam.google_project_iam_member.app_compute_viewer",
            "module.iam.google_project_iam_member.app_logs_writer",
            "module.iam.google_project_iam_member.app_metrics_writer",
            "module.iam.google_project_iam_member.db_compute_viewer",
            "module.iam.google_project_iam_member.db_logs_writer",
            "module.iam.google_project_iam_member.db_metrics_writer",
            "module.iam.google_project_iam_member.db_storage_admin",
            "module.iam.google_service_account.app_service_account",
            "module.iam.google_service_account.db_service_account",
            "module.network.google_compute_firewall.allow_health_checks",
            "module.network.google_compute_firewall.allow_http_https",
            "module.network.google_compute_firewall.allow_internal",
            "module.network.google_compute_firewall.allow_ssh_iap",
            "module.network.google_compute_network.vpc",
            "module.network.google_compute_router.router",
            "module.network.google_compute_router_nat.nat",
            "module.network.google_compute_subnetwork.subnet"
          ]
        }
      ]
    },
    {
      "module": "module.load_balancer",
      "mode": "managed",
      "type": "google_compute_global_forwarding_rule",
      "name": "http_forwarding_rule",
      "provider": "provider[\"registry.terraform.io/hashicorp/google\"]",
      "instances": [
        {
          "schema_version": 0,
          "attributes": {
            "base_forwarding_rule": "",
            "description": "",
            "effective_labels": {},
            "external_managed_backend_bucket_migration_state": "",
            "external_managed_backend_bucket_migration_testing_percentage": 0,
            "forwarding_rule_id": 8012859847125712364,
            "id": "projects/primeval-rain-460507-n3/global/forwardingRules/looper-dev-http-forwarding-rule",
            "ip_address": "34.111.77.146",
            "ip_protocol": "TCP",
            "ip_version": "",
            "label_fingerprint": "42WmSpB8rSM=",
            "labels": null,
            "load_balancing_scheme": "EXTERNAL",
            "metadata_filters": [],
            "name": "looper-dev-http-forwarding-rule",
            "network": "",
            "network_tier": "PREMIUM",
            "no_automate_dns_zone": null,
            "port_range": "80-80",
            "project": "primeval-rain-460507-n3",
            "psc_connection_id": "",
            "psc_connection_status": "",
            "self_link": "https://www.googleapis.com/compute/v1/projects/primeval-rain-460507-n3/global/forwardingRules/looper-dev-http-forwarding-rule",
            "service_directory_registrations": [],
            "source_ip_ranges": null,
            "subnetwork": "",
            "target": "https://www.googleapis.com/compute/v1/projects/primeval-rain-460507-n3/global/targetHttpProxies/looper-dev-http-proxy",
            "terraform_labels": {},
            "timeouts": null
          },
          "sensitive_attributes": [],
          "private": "eyJlMmJmYjczMC1lY2FhLTExZTYtOGY4OC0zNDM2M2JjN2M0YzAiOnsiY3JlYXRlIjoxMjAwMDAwMDAwMDAwLCJkZWxldGUiOjEyMDAwMDAwMDAwMDAsInVwZGF0ZSI6MTIwMDAwMDAwMDAwMH19",
          "dependencies": [
            "module.application.google_compute_instance_template.app_template",
            "module.application.google_compute_region_instance_group_manager.app_group",
            "module.database.data.google_project.project",
            "module.database.google_compute_address.db_internal_ip",
            "module.database.google_compute_disk.db_data_disk",
            "module.database.google_compute_disk_resource_policy_attachment.attachment",
            "module.database.google_compute_instance.db_server",
            "module.database.google_compute_resource_policy.backup_schedule",
            "module.database.google_storage_bucket.db_backup_bucket",
            "module.iam.google_project_iam_member.app_compute_viewer",
            "module.iam.google_project_iam_member.app_logs_writer",
            "module.iam.google_project_iam_member.app_metrics_writer",
            "module.iam.google_project_iam_member.db_compute_viewer",
            "module.iam.google_project_iam_member.db_logs_writer",
            "module.iam.google_project_iam_member.db_metrics_writer",
            "module.iam.google_project_iam_member.db_storage_admin",
            "module.iam.google_service_account.app_service_account",
            "module.iam.google_service_account.db_service_account",
            "module.load_balancer.google_compute_backend_service.backend_service",
            "module.load_balancer.google_compute_global_address.lb_ip",
            "module.load_balancer.google_compute_health_check.http_health_check",
            "module.load_balancer.google_compute_target_http_proxy.http_proxy",
            "module.load_balancer.google_compute_url_map.url_map",
            "module.network.google_compute_firewall.allow_health_checks",
            "module.network.google_compute_firewall.allow_http_https",
            "module.network.google_compute_firewall.allow_internal",
            "module.network.google_compute_firewall.allow_ssh_iap",
            "module.network.google_compute_network.vpc",
            "module.network.google_compute_router.router",
            "module.network.google_compute_router_nat.nat",
            "module.network.google_compute_subnetwork.subnet"
          ]
        }
      ]
    },
    {
      "module": "module.load_balancer",
      "mode": "managed",
      "type": "google_compute_global_forwarding_rule",
      "name": "https_forwarding_rule",
      "provider": "provider[\"registry.terraform.io/hashicorp/google\"]",
      "instances": [
        {
          "schema_version": 0,
          "attributes": {
            "base_forwarding_rule": "",
            "description": "",
            "effective_labels": {},
            "external_managed_backend_bucket_migration_state": "",
            "external_managed_backend_bucket_migration_testing_percentage": 0,
            "forwarding_rule_id": 1613353194491690476,
            "id": "projects/primeval-rain-460507-n3/global/forwardingRules/looper-dev-https-forwarding-rule",
            "ip_address": "34.111.77.146",
            "ip_protocol": "TCP",
            "ip_version": "",
            "label_fingerprint": "42WmSpB8rSM=",
            "labels": null,
            "load_balancing_scheme": "EXTERNAL",
            "metadata_filters": [],
            "name": "looper-dev-https-forwarding-rule",
            "network": "",
            "network_tier": "PREMIUM",
            "no_automate_dns_zone": null,
            "port_range": "443-443",
            "project": "primeval-rain-460507-n3",
            "psc_connection_id": "",
            "psc_connection_status": "",
            "self_link": "https://www.googleapis.com/compute/v1/projects/primeval-rain-460507-n3/global/forwardingRules/looper-dev-https-forwarding-rule",
            "service_directory_registrations": [],
            "source_ip_ranges": null,
            "subnetwork": "",
            "target": "https://www.googleapis.com/compute/v1/projects/primeval-rain-460507-n3/global/targetHttpsProxies/looper-dev-https-proxy",
            "terraform_labels": {},
            "timeouts": null
          },
          "sensitive_attributes": [],
          "private": "eyJlMmJmYjczMC1lY2FhLTExZTYtOGY4OC0zNDM2M2JjN2M0YzAiOnsiY3JlYXRlIjoxMjAwMDAwMDAwMDAwLCJkZWxldGUiOjEyMDAwMDAwMDAwMDAsInVwZGF0ZSI6MTIwMDAwMDAwMDAwMH19",
          "dependencies": [
            "module.application.google_compute_instance_template.app_template",
            "module.application.google_compute_region_instance_group_manager.app_group",
            "module.database.data.google_project.project",
            "module.database.google_compute_address.db_internal_ip",
            "module.database.google_compute_disk.db_data_disk",
            "module.database.google_compute_disk_resource_policy_attachment.attachment",
            "module.database.google_compute_instance.db_server",
            "module.database.google_compute_resource_policy.backup_schedule",
            "module.database.google_storage_bucket.db_backup_bucket",
            "module.iam.google_project_iam_member.app_compute_viewer",
            "module.iam.google_project_iam_member.app_logs_writer",
            "module.iam.google_project_iam_member.app_metrics_writer",
            "module.iam.google_project_iam_member.db_compute_viewer",
            "module.iam.google_project_iam_member.db_logs_writer",
            "module.iam.google_project_iam_member.db_metrics_writer",
            "module.iam.google_project_iam_member.db_storage_admin",
            "module.iam.google_service_account.app_service_account",
            "module.iam.google_service_account.db_service_account",
            "module.load_balancer.google_compute_backend_service.backend_service",
            "module.load_balancer.google_compute_global_address.lb_ip",
            "module.load_balancer.google_compute_health_check.http_health_check",
            "module.load_balancer.google_compute_managed_ssl_certificate.ssl_cert",
            "module.load_balancer.google_compute_target_https_proxy.https_proxy",
            "module.load_balancer.google_compute_url_map.url_map",
            "module.network.google_compute_firewall.allow_health_checks",
            "module.network.google_compute_firewall.allow_http_https",
            "module.network.google_compute_firewall.allow_internal",
            "module.network.google_compute_firewall.allow_ssh_iap",
            "module.network.google_compute_network.vpc",
            "module.network.google_compute_router.router",
            "module.network.google_compute_router_nat.nat",
            "module.network.google_compute_subnetwork.subnet"
          ]
        }
      ]
    },
    {
      "module": "module.load_balancer",
      "mode": "managed",
      "type": "google_compute_health_check",
      "name": "http_health_check",
      "provider": "provider[\"registry.terraform.io/hashicorp/google\"]",
      "instances": [
        {
          "schema_version": 0,
          "attributes": {
            "check_interval_sec": 10,
            "creation_timestamp": "2025-06-08T23:44:01.090-07:00",
            "description": "",
            "grpc_health_check": [],
            "healthy_threshold": 2,
            "http2_health_check": [],
            "http_health_check": [
              {
                "host": "",
                "port": 80,
                "port_name": "",
                "port_specification": "",
                "proxy_header": "NONE",
                "request_path": "/",
                "response": ""
              }
            ],
            "https_health_check": [],
            "id": "projects/primeval-rain-460507-n3/global/healthChecks/looper-dev-http-health-check",
            "log_config": [
              {
                "enable": false
              }
            ],
            "name": "looper-dev-http-health-check",
            "project": "primeval-rain-460507-n3",
            "self_link": "https://www.googleapis.com/compute/v1/projects/primeval-rain-460507-n3/global/healthChecks/looper-dev-http-health-check",
            "source_regions": null,
            "ssl_health_check": [],
            "tcp_health_check": [],
            "timeout_sec": 5,
            "timeouts": null,
            "type": "HTTP",
            "unhealthy_threshold": 2
          },
          "sensitive_attributes": [],
          "private": "eyJlMmJmYjczMC1lY2FhLTExZTYtOGY4OC0zNDM2M2JjN2M0YzAiOnsiY3JlYXRlIjoxMjAwMDAwMDAwMDAwLCJkZWxldGUiOjEyMDAwMDAwMDAwMDAsInVwZGF0ZSI6MTIwMDAwMDAwMDAwMH19",
          "dependencies": [
            "module.application.google_compute_instance_template.app_template",
            "module.application.google_compute_region_instance_group_manager.app_group",
            "module.database.data.google_project.project",
            "module.database.google_compute_address.db_internal_ip",
            "module.database.google_compute_disk.db_data_disk",
            "module.database.google_compute_disk_resource_policy_attachment.attachment",
            "module.database.google_compute_instance.db_server",
            "module.database.google_compute_resource_policy.backup_schedule",
            "module.database.google_storage_bucket.db_backup_bucket",
            "module.iam.google_project_iam_member.app_compute_viewer",
            "module.iam.google_project_iam_member.app_logs_writer",
            "module.iam.google_project_iam_member.app_metrics_writer",
            "module.iam.google_project_iam_member.db_compute_viewer",
            "module.iam.google_project_iam_member.db_logs_writer",
            "module.iam.google_project_iam_member.db_metrics_writer",
            "module.iam.google_project_iam_member.db_storage_admin",
            "module.iam.google_service_account.app_service_account",
            "module.iam.google_service_account.db_service_account",
            "module.network.google_compute_firewall.allow_health_checks",
            "module.network.google_compute_firewall.allow_http_https",
            "module.network.google_compute_firewall.allow_internal",
            "module.network.google_compute_firewall.allow_ssh_iap",
            "module.network.google_compute_network.vpc",
            "module.network.google_compute_router.router",
            "module.network.google_compute_router_nat.nat",
            "module.network.google_compute_subnetwork.subnet"
          ]
        }
      ]
    },
    {
      "module": "module.load_balancer",
      "mode": "managed",
      "type": "google_compute_managed_ssl_certificate",
      "name": "ssl_cert",
      "provider": "provider[\"registry.terraform.io/hashicorp/google\"]",
      "instances": [
        {
          "index_key": 0,
          "schema_version": 0,
          "attributes": {
            "certificate_id": 8623956499899300958,
            "creation_timestamp": "2025-06-08T23:44:01.878-07:00",
            "description": "",
            "expire_time": "",
            "id": "projects/primeval-rain-460507-n3/global/sslCertificates/looper-dev-ssl-cert",
            "managed": [
              {
                "domains": [
                  "dev.looper.my"
                ]
              }
            ],
            "name": "looper-dev-ssl-cert",
            "project": "primeval-rain-460507-n3",
            "self_link": "https://www.googleapis.com/compute/v1/projects/primeval-rain-460507-n3/global/sslCertificates/looper-dev-ssl-cert",
            "subject_alternative_names": [],
            "timeouts": null,
            "type": "MANAGED"
          },
          "sensitive_attributes": [],
          "private": "eyJlMmJmYjczMC1lY2FhLTExZTYtOGY4OC0zNDM2M2JjN2M0YzAiOnsiY3JlYXRlIjoxODAwMDAwMDAwMDAwLCJkZWxldGUiOjE4MDAwMDAwMDAwMDB9fQ==",
          "dependencies": [
            "module.application.google_compute_instance_template.app_template",
            "module.application.google_compute_region_instance_group_manager.app_group",
            "module.database.data.google_project.project",
            "module.database.google_compute_address.db_internal_ip",
            "module.database.google_compute_disk.db_data_disk",
            "module.database.google_compute_disk_resource_policy_attachment.attachment",
            "module.database.google_compute_instance.db_server",
            "module.database.google_compute_resource_policy.backup_schedule",
            "module.database.google_storage_bucket.db_backup_bucket",
            "module.iam.google_project_iam_member.app_compute_viewer",
            "module.iam.google_project_iam_member.app_logs_writer",
            "module.iam.google_project_iam_member.app_metrics_writer",
            "module.iam.google_project_iam_member.db_compute_viewer",
            "module.iam.google_project_iam_member.db_logs_writer",
            "module.iam.google_project_iam_member.db_metrics_writer",
            "module.iam.google_project_iam_member.db_storage_admin",
            "module.iam.google_service_account.app_service_account",
            "module.iam.google_service_account.db_service_account",
            "module.network.google_compute_firewall.allow_health_checks",
            "module.network.google_compute_firewall.allow_http_https",
            "module.network.google_compute_firewall.allow_internal",
            "module.network.google_compute_firewall.allow_ssh_iap",
            "module.network.google_compute_network.vpc",
            "module.network.google_compute_router.router",
            "module.network.google_compute_router_nat.nat",
            "module.network.google_compute_subnetwork.subnet"
          ]
        }
      ]
    },
    {
      "module": "module.load_balancer",
      "mode": "managed",
      "type": "google_compute_target_http_proxy",
      "name": "http_proxy",
      "provider": "provider[\"registry.terraform.io/hashicorp/google\"]",
      "instances": [
        {
          "schema_version": 0,
          "attributes": {
            "creation_timestamp": "2025-06-08T23:45:10.915-07:00",
            "description": "",
            "http_keep_alive_timeout_sec": 0,
            "id": "projects/primeval-rain-460507-n3/global/targetHttpProxies/looper-dev-http-proxy",
            "name": "looper-dev-http-proxy",
            "project": "primeval-rain-460507-n3",
            "proxy_bind": false,
            "proxy_id": 7934419807131876377,
            "self_link": "https://www.googleapis.com/compute/v1/projects/primeval-rain-460507-n3/global/targetHttpProxies/looper-dev-http-proxy",
            "timeouts": null,
            "url_map": "https://www.googleapis.com/compute/v1/projects/primeval-rain-460507-n3/global/urlMaps/looper-dev-url-map"
          },
          "sensitive_attributes": [],
          "private": "eyJlMmJmYjczMC1lY2FhLTExZTYtOGY4OC0zNDM2M2JjN2M0YzAiOnsiY3JlYXRlIjoxMjAwMDAwMDAwMDAwLCJkZWxldGUiOjEyMDAwMDAwMDAwMDAsInVwZGF0ZSI6MTIwMDAwMDAwMDAwMH19",
          "dependencies": [
            "module.application.google_compute_instance_template.app_template",
            "module.application.google_compute_region_instance_group_manager.app_group",
            "module.database.data.google_project.project",
            "module.database.google_compute_address.db_internal_ip",
            "module.database.google_compute_disk.db_data_disk",
            "module.database.google_compute_disk_resource_policy_attachment.attachment",
            "module.database.google_compute_instance.db_server",
            "module.database.google_compute_resource_policy.backup_schedule",
            "module.database.google_storage_bucket.db_backup_bucket",
            "module.iam.google_project_iam_member.app_compute_viewer",
            "module.iam.google_project_iam_member.app_logs_writer",
            "module.iam.google_project_iam_member.app_metrics_writer",
            "module.iam.google_project_iam_member.db_compute_viewer",
            "module.iam.google_project_iam_member.db_logs_writer",
            "module.iam.google_project_iam_member.db_metrics_writer",
            "module.iam.google_project_iam_member.db_storage_admin",
            "module.iam.google_service_account.app_service_account",
            "module.iam.google_service_account.db_service_account",
            "module.load_balancer.google_compute_backend_service.backend_service",
            "module.load_balancer.google_compute_health_check.http_health_check",
            "module.load_balancer.google_compute_url_map.url_map",
            "module.network.google_compute_firewall.allow_health_checks",
            "module.network.google_compute_firewall.allow_http_https",
            "module.network.google_compute_firewall.allow_internal",
            "module.network.google_compute_firewall.allow_ssh_iap",
            "module.network.google_compute_network.vpc",
            "module.network.google_compute_router.router",
            "module.network.google_compute_router_nat.nat",
            "module.network.google_compute_subnetwork.subnet"
          ]
        }
      ]
    },
    {
      "module": "module.load_balancer",
      "mode": "managed",
      "type": "google_compute_target_https_proxy",
      "name": "https_proxy",
      "provider": "provider[\"registry.terraform.io/hashicorp/google\"]",
      "instances": [
        {
          "schema_version": 0,
          "attributes": {
            "certificate_manager_certificates": null,
            "certificate_map": "",
            "creation_timestamp": "2025-06-08T23:45:10.938-07:00",
            "description": "",
            "http_keep_alive_timeout_sec": 0,
            "id": "projects/primeval-rain-460507-n3/global/targetHttpsProxies/looper-dev-https-proxy",
            "name": "looper-dev-https-proxy",
            "project": "primeval-rain-460507-n3",
            "proxy_bind": false,
            "proxy_id": 957001076910537753,
            "quic_override": "NONE",
            "self_link": "https://www.googleapis.com/compute/v1/projects/primeval-rain-460507-n3/global/targetHttpsProxies/looper-dev-https-proxy",
            "server_tls_policy": "",
            "ssl_certificates": [
              "https://www.googleapis.com/compute/v1/projects/primeval-rain-460507-n3/global/sslCertificates/looper-dev-ssl-cert"
            ],
            "ssl_policy": "",
            "timeouts": null,
            "tls_early_data": "DISABLED",
            "url_map": "https://www.googleapis.com/compute/v1/projects/primeval-rain-460507-n3/global/urlMaps/looper-dev-url-map"
          },
          "sensitive_attributes": [],
          "private": "eyJlMmJmYjczMC1lY2FhLTExZTYtOGY4OC0zNDM2M2JjN2M0YzAiOnsiY3JlYXRlIjoxMjAwMDAwMDAwMDAwLCJkZWxldGUiOjEyMDAwMDAwMDAwMDAsInVwZGF0ZSI6MTIwMDAwMDAwMDAwMH19",
          "dependencies": [
            "module.application.google_compute_instance_template.app_template",
            "module.application.google_compute_region_instance_group_manager.app_group",
            "module.database.data.google_project.project",
            "module.database.google_compute_address.db_internal_ip",
            "module.database.google_compute_disk.db_data_disk",
            "module.database.google_compute_disk_resource_policy_attachment.attachment",
            "module.database.google_compute_instance.db_server",
            "module.database.google_compute_resource_policy.backup_schedule",
            "module.database.google_storage_bucket.db_backup_bucket",
            "module.iam.google_project_iam_member.app_compute_viewer",
            "module.iam.google_project_iam_member.app_logs_writer",
            "module.iam.google_project_iam_member.app_metrics_writer",
            "module.iam.google_project_iam_member.db_compute_viewer",
            "module.iam.google_project_iam_member.db_logs_writer",
            "module.iam.google_project_iam_member.db_metrics_writer",
            "module.iam.google_project_iam_member.db_storage_admin",
            "module.iam.google_service_account.app_service_account",
            "module.iam.google_service_account.db_service_account",
            "module.load_balancer.google_compute_backend_service.backend_service",
            "module.load_balancer.google_compute_health_check.http_health_check",
            "module.load_balancer.google_compute_managed_ssl_certificate.ssl_cert",
            "module.load_balancer.google_compute_url_map.url_map",
            "module.network.google_compute_firewall.allow_health_checks",
            "module.network.google_compute_firewall.allow_http_https",
            "module.network.google_compute_firewall.allow_internal",
            "module.network.google_compute_firewall.allow_ssh_iap",
            "module.network.google_compute_network.vpc",
            "module.network.google_compute_router.router",
            "module.network.google_compute_router_nat.nat",
            "module.network.google_compute_subnetwork.subnet"
          ]
        }
      ]
    },
    {
      "module": "module.load_balancer",
      "mode": "managed",
      "type": "google_compute_url_map",
      "name": "url_map",
      "provider": "provider[\"registry.terraform.io/hashicorp/google\"]",
      "instances": [
        {
          "schema_version": 0,
          "attributes": {
            "creation_timestamp": "2025-06-08T23:44:58.926-07:00",
            "default_route_action": [],
            "default_service": "https://www.googleapis.com/compute/v1/projects/primeval-rain-460507-n3/global/backendServices/looper-dev-backend-service",
            "default_url_redirect": [],
            "description": "",
            "fingerprint": "lcwyKRrdsPk=",
            "header_action": [],
            "host_rule": [],
            "id": "projects/primeval-rain-460507-n3/global/urlMaps/looper-dev-url-map",
            "map_id": 6202899103184796677,
            "name": "looper-dev-url-map",
            "path_matcher": [],
            "project": "primeval-rain-460507-n3",
            "self_link": "https://www.googleapis.com/compute/v1/projects/primeval-rain-460507-n3/global/urlMaps/looper-dev-url-map",
            "test": [],
            "timeouts": null
          },
          "sensitive_attributes": [],
          "private": "eyJlMmJmYjczMC1lY2FhLTExZTYtOGY4OC0zNDM2M2JjN2M0YzAiOnsiY3JlYXRlIjoxMjAwMDAwMDAwMDAwLCJkZWxldGUiOjEyMDAwMDAwMDAwMDAsInVwZGF0ZSI6MTIwMDAwMDAwMDAwMH19",
          "dependencies": [
            "module.application.google_compute_instance_template.app_template",
            "module.application.google_compute_region_instance_group_manager.app_group",
            "module.database.data.google_project.project",
            "module.database.google_compute_address.db_internal_ip",
            "module.database.google_compute_disk.db_data_disk",
            "module.database.google_compute_disk_resource_policy_attachment.attachment",
            "module.database.google_compute_instance.db_server",
            "module.database.google_compute_resource_policy.backup_schedule",
            "module.database.google_storage_bucket.db_backup_bucket",
            "module.iam.google_project_iam_member.app_compute_viewer",
            "module.iam.google_project_iam_member.app_logs_writer",
            "module.iam.google_project_iam_member.app_metrics_writer",
            "module.iam.google_project_iam_member.db_compute_viewer",
            "module.iam.google_project_iam_member.db_logs_writer",
            "module.iam.google_project_iam_member.db_metrics_writer",
            "module.iam.google_project_iam_member.db_storage_admin",
            "module.iam.google_service_account.app_service_account",
            "module.iam.google_service_account.db_service_account",
            "module.load_balancer.google_compute_backend_service.backend_service",
            "module.load_balancer.google_compute_health_check.http_health_check",
            "module.network.google_compute_firewall.allow_health_checks",
            "module.network.google_compute_firewall.allow_http_https",
            "module.network.google_compute_firewall.allow_internal",
            "module.network.google_compute_firewall.allow_ssh_iap",
            "module.network.google_compute_network.vpc",
            "module.network.google_compute_router.router",
            "module.network.google_compute_router_nat.nat",
            "module.network.google_compute_subnetwork.subnet"
          ]
        }
      ]
    },
    {
      "module": "module.network",
      "mode": "managed",
      "type": "google_compute_firewall",
      "name": "allow_health_checks",
      "provider": "provider[\"registry.terraform.io/hashicorp/google\"]",
      "instances": [
        {
          "schema_version": 1,
          "attributes": {
            "allow": [
              {
                "ports": [
                  "80",
                  "443"
                ],
                "protocol": "tcp"
              }
            ],
            "creation_timestamp": "2025-06-08T23:42:16.656-07:00",
            "deny": [],
            "description": "",
            "destination_ranges": [],
            "direction": "INGRESS",
            "disabled": false,
            "enable_logging": null,
            "id": "projects/primeval-rain-460507-n3/global/firewalls/looper-dev-allow-health-checks",
            "log_config": [],
            "name": "looper-dev-allow-health-checks",
            "network": "https://www.googleapis.com/compute/v1/projects/primeval-rain-460507-n3/global/networks/looper-dev-vpc",
            "priority": 1000,
            "project": "primeval-rain-460507-n3",
            "self_link": "https://www.googleapis.com/compute/v1/projects/primeval-rain-460507-n3/global/firewalls/looper-dev-allow-health-checks",
            "source_ranges": [
              "130.211.0.0/22",
              "35.191.0.0/16"
            ],
            "source_service_accounts": null,
            "source_tags": null,
            "target_service_accounts": null,
            "target_tags": [
              "http-server",
              "https-server"
            ],
            "timeouts": null
          },
          "sensitive_attributes": [],
          "private": "eyJlMmJmYjczMC1lY2FhLTExZTYtOGY4OC0zNDM2M2JjN2M0YzAiOnsiY3JlYXRlIjoxMjAwMDAwMDAwMDAwLCJkZWxldGUiOjEyMDAwMDAwMDAwMDAsInVwZGF0ZSI6MTIwMDAwMDAwMDAwMH0sInNjaGVtYV92ZXJzaW9uIjoiMSJ9",
          "dependencies": [
            "module.network.google_compute_network.vpc"
          ],
          "create_before_destroy": true
        }
      ]
    },
    {
      "module": "module.network",
      "mode": "managed",
      "type": "google_compute_firewall",
      "name": "allow_http_https",
      "provider": "provider[\"registry.terraform.io/hashicorp/google\"]",
      "instances": [
        {
          "schema_version": 1,
          "attributes": {
            "allow": [
              {
                "ports": [
                  "80",
                  "443"
                ],
                "protocol": "tcp"
              }
            ],
            "creation_timestamp": "2025-06-08T23:42:16.856-07:00",
            "deny": [],
            "description": "",
            "destination_ranges": [],
            "direction": "INGRESS",
            "disabled": false,
            "enable_logging": null,
            "id": "projects/primeval-rain-460507-n3/global/firewalls/looper-dev-allow-http-https",
            "log_config": [],
            "name": "looper-dev-allow-http-https",
            "network": "https://www.googleapis.com/compute/v1/projects/primeval-rain-460507-n3/global/networks/looper-dev-vpc",
            "priority": 1000,
            "project": "primeval-rain-460507-n3",
            "self_link": "https://www.googleapis.com/compute/v1/projects/primeval-rain-460507-n3/global/firewalls/looper-dev-allow-http-https",
            "source_ranges": [
              "0.0.0.0/0"
            ],
            "source_service_accounts": null,
            "source_tags": null,
            "target_service_accounts": null,
            "target_tags": [
              "http-server",
              "https-server",
              "load-balancer"
            ],
            "timeouts": null
          },
          "sensitive_attributes": [],
          "private": "eyJlMmJmYjczMC1lY2FhLTExZTYtOGY4OC0zNDM2M2JjN2M0YzAiOnsiY3JlYXRlIjoxMjAwMDAwMDAwMDAwLCJkZWxldGUiOjEyMDAwMDAwMDAwMDAsInVwZGF0ZSI6MTIwMDAwMDAwMDAwMH0sInNjaGVtYV92ZXJzaW9uIjoiMSJ9",
          "dependencies": [
            "module.network.google_compute_network.vpc"
          ],
          "create_before_destroy": true
        }
      ]
    },
    {
      "module": "module.network",
      "mode": "managed",
      "type": "google_compute_firewall",
      "name": "allow_internal",
      "provider": "provider[\"registry.terraform.io/hashicorp/google\"]",
      "instances": [
        {
          "schema_version": 1,
          "attributes": {
            "allow": [
              {
                "ports": [
                  "0-65535"
                ],
                "protocol": "tcp"
              },
              {
                "ports": [
                  "0-65535"
                ],
                "protocol": "udp"
              },
              {
                "ports": [],
                "protocol": "icmp"
              }
            ],
            "creation_timestamp": "2025-06-08T23:42:16.921-07:00",
            "deny": [],
            "description": "",
            "destination_ranges": [],
            "direction": "INGRESS",
            "disabled": false,
            "enable_logging": null,
            "id": "projects/primeval-rain-460507-n3/global/firewalls/looper-dev-allow-internal",
            "log_config": [],
            "name": "looper-dev-allow-internal",
            "network": "https://www.googleapis.com/compute/v1/projects/primeval-rain-460507-n3/global/networks/looper-dev-vpc",
            "priority": 1000,
            "project": "primeval-rain-460507-n3",
            "self_link": "https://www.googleapis.com/compute/v1/projects/primeval-rain-460507-n3/global/firewalls/looper-dev-allow-internal",
            "source_ranges": [
              "10.0.0.0/24"
            ],
            "source_service_accounts": null,
            "source_tags": null,
            "target_service_accounts": null,
            "target_tags": null,
            "timeouts": null
          },
          "sensitive_attributes": [],
          "private": "eyJlMmJmYjczMC1lY2FhLTExZTYtOGY4OC0zNDM2M2JjN2M0YzAiOnsiY3JlYXRlIjoxMjAwMDAwMDAwMDAwLCJkZWxldGUiOjEyMDAwMDAwMDAwMDAsInVwZGF0ZSI6MTIwMDAwMDAwMDAwMH0sInNjaGVtYV92ZXJzaW9uIjoiMSJ9",
          "dependencies": [
            "module.network.google_compute_network.vpc"
          ],
          "create_before_destroy": true
        }
      ]
    },
    {
      "module": "module.network",
      "mode": "managed",
      "type": "google_compute_firewall",
      "name": "allow_ssh_iap",
      "provider": "provider[\"registry.terraform.io/hashicorp/google\"]",
      "instances": [
        {
          "schema_version": 1,
          "attributes": {
            "allow": [
              {
                "ports": [
                  "22"
                ],
                "protocol": "tcp"
              }
            ],
            "creation_timestamp": "2025-06-08T23:42:17.207-07:00",
            "deny": [],
            "description": "",
            "destination_ranges": [],
            "direction": "INGRESS",
            "disabled": false,
            "enable_logging": null,
            "id": "projects/primeval-rain-460507-n3/global/firewalls/looper-dev-allow-ssh-iap",
            "log_config": [],
            "name": "looper-dev-allow-ssh-iap",
            "network": "https://www.googleapis.com/compute/v1/projects/primeval-rain-460507-n3/global/networks/looper-dev-vpc",
            "priority": 1000,
            "project": "primeval-rain-460507-n3",
            "self_link": "https://www.googleapis.com/compute/v1/projects/primeval-rain-460507-n3/global/firewalls/looper-dev-allow-ssh-iap",
            "source_ranges": [
              "35.235.240.0/20"
            ],
            "source_service_accounts": null,
            "source_tags": null,
            "target_service_accounts": null,
            "target_tags": [
              "ssh"
            ],
            "timeouts": null
          },
          "sensitive_attributes": [],
          "private": "eyJlMmJmYjczMC1lY2FhLTExZTYtOGY4OC0zNDM2M2JjN2M0YzAiOnsiY3JlYXRlIjoxMjAwMDAwMDAwMDAwLCJkZWxldGUiOjEyMDAwMDAwMDAwMDAsInVwZGF0ZSI6MTIwMDAwMDAwMDAwMH0sInNjaGVtYV92ZXJzaW9uIjoiMSJ9",
          "dependencies": [
            "module.network.google_compute_network.vpc"
          ],
          "create_before_destroy": true
        }
      ]
    },
    {
      "module": "module.network",
      "mode": "managed",
      "type": "google_compute_network",
      "name": "vpc",
      "provider": "provider[\"registry.terraform.io/hashicorp/google\"]",
      "instances": [
        {
          "schema_version": 0,
          "attributes": {
            "auto_create_subnetworks": false,
            "bgp_always_compare_med": false,
            "bgp_best_path_selection_mode": "LEGACY",
            "bgp_inter_region_cost": "",
            "delete_default_routes_on_create": false,
            "description": "",
            "enable_ula_internal_ipv6": false,
            "gateway_ipv4": "",
            "id": "projects/primeval-rain-460507-n3/global/networks/looper-dev-vpc",
            "internal_ipv6_range": "",
            "mtu": 0,
            "name": "looper-dev-vpc",
            "network_firewall_policy_enforcement_order": "AFTER_CLASSIC_FIREWALL",
            "network_id": "2515436969650765021",
            "network_profile": "",
            "numeric_id": "2515436969650765021",
            "project": "primeval-rain-460507-n3",
            "routing_mode": "REGIONAL",
            "self_link": "https://www.googleapis.com/compute/v1/projects/primeval-rain-460507-n3/global/networks/looper-dev-vpc",
            "timeouts": null
          },
          "sensitive_attributes": [],
          "private": "eyJlMmJmYjczMC1lY2FhLTExZTYtOGY4OC0zNDM2M2JjN2M0YzAiOnsiY3JlYXRlIjoxMjAwMDAwMDAwMDAwLCJkZWxldGUiOjEyMDAwMDAwMDAwMDAsInVwZGF0ZSI6MTIwMDAwMDAwMDAwMH19",
          "create_before_destroy": true
        }
      ]
    },
    {
      "module": "module.network",
      "mode": "managed",
      "type": "google_compute_router",
      "name": "router",
      "provider": "provider[\"registry.terraform.io/hashicorp/google\"]",
      "instances": [
        {
          "schema_version": 0,
          "attributes": {
            "bgp": [],
            "creation_timestamp": "2025-06-08T23:42:16.555-07:00",
            "description": "",
            "encrypted_interconnect_router": false,
            "id": "projects/primeval-rain-460507-n3/regions/asia-northeast3/routers/looper-dev-router",
            "md5_authentication_keys": [],
            "name": "looper-dev-router",
            "network": "https://www.googleapis.com/compute/v1/projects/primeval-rain-460507-n3/global/networks/looper-dev-vpc",
            "project": "primeval-rain-460507-n3",
            "region": "asia-northeast3",
            "self_link": "https://www.googleapis.com/compute/v1/projects/primeval-rain-460507-n3/regions/asia-northeast3/routers/looper-dev-router",
            "timeouts": null
          },
          "sensitive_attributes": [],
          "private": "eyJlMmJmYjczMC1lY2FhLTExZTYtOGY4OC0zNDM2M2JjN2M0YzAiOnsiY3JlYXRlIjoxMjAwMDAwMDAwMDAwLCJkZWxldGUiOjEyMDAwMDAwMDAwMDAsInVwZGF0ZSI6MTIwMDAwMDAwMDAwMH19",
          "dependencies": [
            "module.network.google_compute_network.vpc"
          ],
          "create_before_destroy": true
        }
      ]
    },
    {
      "module": "module.network",
      "mode": "managed",
      "type": "google_compute_router_nat",
      "name": "nat",
      "provider": "provider[\"registry.terraform.io/hashicorp/google\"]",
      "instances": [
        {
          "schema_version": 0,
          "attributes": {
            "auto_network_tier": "PREMIUM",
            "drain_nat_ips": [],
            "enable_dynamic_port_allocation": false,
            "enable_endpoint_independent_mapping": false,
            "endpoint_types": [
              "ENDPOINT_TYPE_VM"
            ],
            "icmp_idle_timeout_sec": 30,
            "id": "primeval-rain-460507-n3/asia-northeast3/looper-dev-router/looper-dev-nat",
            "initial_nat_ips": null,
            "log_config": [
              {
                "enable": true,
                "filter": "ERRORS_ONLY"
              }
            ],
            "max_ports_per_vm": 0,
            "min_ports_per_vm": 0,
            "name": "looper-dev-nat",
            "nat64_subnetwork": [],
            "nat_ip_allocate_option": "AUTO_ONLY",
            "nat_ips": [],
            "project": "primeval-rain-460507-n3",
            "region": "asia-northeast3",
            "router": "looper-dev-router",
            "rules": [],
            "source_subnetwork_ip_ranges_to_nat": "ALL_SUBNETWORKS_ALL_IP_RANGES",
            "source_subnetwork_ip_ranges_to_nat64": "",
            "subnetwork": [],
            "tcp_established_idle_timeout_sec": 1200,
            "tcp_time_wait_timeout_sec": 120,
            "tcp_transitory_idle_timeout_sec": 30,
            "timeouts": null,
            "type": "PUBLIC",
            "udp_idle_timeout_sec": 30
          },
          "sensitive_attributes": [],
          "private": "eyJlMmJmYjczMC1lY2FhLTExZTYtOGY4OC0zNDM2M2JjN2M0YzAiOnsiY3JlYXRlIjoxMjAwMDAwMDAwMDAwLCJkZWxldGUiOjEyMDAwMDAwMDAwMDAsInVwZGF0ZSI6MTIwMDAwMDAwMDAwMH19",
          "dependencies": [
            "module.network.google_compute_network.vpc",
            "module.network.google_compute_router.router"
          ],
          "create_before_destroy": true
        }
      ]
    },
    {
      "module": "module.network",
      "mode": "managed",
      "type": "google_compute_subnetwork",
      "name": "subnet",
      "provider": "provider[\"registry.terraform.io/hashicorp/google\"]",
      "instances": [
        {
          "schema_version": 0,
          "attributes": {
            "creation_timestamp": "2025-06-08T23:42:17.564-07:00",
            "description": "",
            "enable_flow_logs": false,
            "external_ipv6_prefix": "",
            "fingerprint": null,
            "gateway_address": "10.0.0.1",
            "id": "projects/primeval-rain-460507-n3/regions/asia-northeast3/subnetworks/looper-dev-subnet",
            "internal_ipv6_prefix": "",
            "ip_cidr_range": "10.0.0.0/24",
            "ip_collection": null,
            "ipv6_access_type": "",
            "ipv6_cidr_range": "",
            "ipv6_gce_endpoint": "",
            "log_config": [],
            "name": "looper-dev-subnet",
            "network": "https://www.googleapis.com/compute/v1/projects/primeval-rain-460507-n3/global/networks/looper-dev-vpc",
            "private_ip_google_access": true,
            "private_ipv6_google_access": "DISABLE_GOOGLE_ACCESS",
            "project": "primeval-rain-460507-n3",
            "purpose": "PRIVATE",
            "region": "asia-northeast3",
            "reserved_internal_range": "",
            "role": "",
            "secondary_ip_range": [],
            "self_link": "https://www.googleapis.com/compute/v1/projects/primeval-rain-460507-n3/regions/asia-northeast3/subnetworks/looper-dev-subnet",
            "send_secondary_ip_range_if_empty": null,
            "stack_type": "IPV4_ONLY",
            "state": "",
            "subnetwork_id": 5879043472256351398,
            "timeouts": null
          },
          "sensitive_attributes": [],
          "private": "eyJlMmJmYjczMC1lY2FhLTExZTYtOGY4OC0zNDM2M2JjN2M0YzAiOnsiY3JlYXRlIjoxMjAwMDAwMDAwMDAwLCJkZWxldGUiOjEyMDAwMDAwMDAwMDAsInVwZGF0ZSI6MTIwMDAwMDAwMDAwMH19",
          "dependencies": [
            "module.network.google_compute_network.vpc"
          ],
          "create_before_destroy": true
        }
      ]
    }
  ],
  "check_results": null
}
